// !$*UTF8*$!
{
	archiveVersion = 1;
	classes = {
	};
	objectVersion = 51;
	objects = {

/* Begin PBXBuildFile section */
		4F778DFB25C7962A0066545B /* AppDelegate.swift in Sources */ = {isa = PBXBuildFile; fileRef = 4F778DFA25C7962A0066545B /* AppDelegate.swift */; };
		4F778DFF25C7962A0066545B /* PreloadViewController.swift in Sources */ = {isa = PBXBuildFile; fileRef = 4F778DFE25C7962A0066545B /* PreloadViewController.swift */; };
		4F778E0525C7962A0066545B /* uvolt.xcdatamodeld in Sources */ = {isa = PBXBuildFile; fileRef = 4F778E0325C7962A0066545B /* uvolt.xcdatamodeld */; };
		4F778E0725C7962C0066545B /* Assets.xcassets in Resources */ = {isa = PBXBuildFile; fileRef = 4F778E0625C7962C0066545B /* Assets.xcassets */; };
		4F778E0A25C7962C0066545B /* LaunchScreen.storyboard in Resources */ = {isa = PBXBuildFile; fileRef = 4F778E0825C7962C0066545B /* LaunchScreen.storyboard */; };
		4F778E1325C796610066545B /* SnapKit.framework in Frameworks */ = {isa = PBXBuildFile; fileRef = 4F778E1225C796610066545B /* SnapKit.framework */; };
/* End PBXBuildFile section */

/* Begin PBXFileReference section */
		4F778DF725C7962A0066545B /* uvolt.app */ = {isa = PBXFileReference; explicitFileType = wrapper.application; includeInIndex = 0; path = uvolt.app; sourceTree = BUILT_PRODUCTS_DIR; };
		4F778DFA25C7962A0066545B /* AppDelegate.swift */ = {isa = PBXFileReference; lastKnownFileType = sourcecode.swift; path = AppDelegate.swift; sourceTree = "<group>"; };
		4F778DFE25C7962A0066545B /* PreloadViewController.swift */ = {isa = PBXFileReference; lastKnownFileType = sourcecode.swift; path = PreloadViewController.swift; sourceTree = "<group>"; };
		4F778E0425C7962A0066545B /* uvolt.xcdatamodel */ = {isa = PBXFileReference; lastKnownFileType = wrapper.xcdatamodel; path = uvolt.xcdatamodel; sourceTree = "<group>"; };
		4F778E0625C7962C0066545B /* Assets.xcassets */ = {isa = PBXFileReference; lastKnownFileType = folder.assetcatalog; path = Assets.xcassets; sourceTree = "<group>"; };
		4F778E0925C7962C0066545B /* Base */ = {isa = PBXFileReference; lastKnownFileType = file.storyboard; name = Base; path = Base.lproj/LaunchScreen.storyboard; sourceTree = "<group>"; };
		4F778E0B25C7962C0066545B /* Info.plist */ = {isa = PBXFileReference; lastKnownFileType = text.plist.xml; path = Info.plist; sourceTree = "<group>"; };
		4F778E1225C796610066545B /* SnapKit.framework */ = {isa = PBXFileReference; lastKnownFileType = wrapper.framework; name = SnapKit.framework; path = Carthage/Build/iOS/SnapKit.framework; sourceTree = "<group>"; };
/* End PBXFileReference section */

/* Begin PBXFrameworksBuildPhase section */
		4F778DF425C7962A0066545B /* Frameworks */ = {
			isa = PBXFrameworksBuildPhase;
			buildActionMask = 2147483647;
			files = (
				4F778E1325C796610066545B /* SnapKit.framework in Frameworks */,
			);
			runOnlyForDeploymentPostprocessing = 0;
		};
/* End PBXFrameworksBuildPhase section */

/* Begin PBXGroup section */
		4F778DEE25C7962A0066545B = {
			isa = PBXGroup;
			children = (
				4F778DF925C7962A0066545B /* uvolt */,
				4F778DF825C7962A0066545B /* Products */,
				4F778E1125C796610066545B /* Frameworks */,
			);
			sourceTree = "<group>";
		};
		4F778DF825C7962A0066545B /* Products */ = {
			isa = PBXGroup;
			children = (
				4F778DF725C7962A0066545B /* uvolt.app */,
			);
			name = Products;
			sourceTree = "<group>";
		};
		4F778DF925C7962A0066545B /* uvolt */ = {
			isa = PBXGroup;
			children = (
				4F778DFA25C7962A0066545B /* AppDelegate.swift */,
				4F778DFE25C7962A0066545B /* PreloadViewController.swift */,
				4F778E0625C7962C0066545B /* Assets.xcassets */,
				4F778E0825C7962C0066545B /* LaunchScreen.storyboard */,
				4F778E0B25C7962C0066545B /* Info.plist */,
				4F778E0325C7962A0066545B /* uvolt.xcdatamodeld */,
			);
			path = uvolt;
			sourceTree = "<group>";
		};
		4F778E1125C796610066545B /* Frameworks */ = {
			isa = PBXGroup;
			children = (
				4F778E1225C796610066545B /* SnapKit.framework */,
			);
			name = Frameworks;
			sourceTree = "<group>";
		};
/* End PBXGroup section */

/* Begin PBXNativeTarget section */
		4F778DF625C7962A0066545B /* uvolt */ = {
			isa = PBXNativeTarget;
			buildConfigurationList = 4F778E0E25C7962C0066545B /* Build configuration list for PBXNativeTarget "uvolt" */;
			buildPhases = (
				4F778DF325C7962A0066545B /* Sources */,
				4F778DF425C7962A0066545B /* Frameworks */,
				4F778DF525C7962A0066545B /* Resources */,
				4F778E1625C796B70066545B /* ShellScript */,
			);
			buildRules = (
			);
			dependencies = (
			);
			name = uvolt;
			productName = uvolt;
			productReference = 4F778DF725C7962A0066545B /* uvolt.app */;
			productType = "com.apple.product-type.application";
		};
/* End PBXNativeTarget section */

/* Begin PBXProject section */
		4F778DEF25C7962A0066545B /* Project object */ = {
			isa = PBXProject;
			attributes = {
				LastSwiftUpdateCheck = 1170;
				LastUpgradeCheck = 1170;
				ORGANIZATIONNAME = "Turan Assylkhan";
				TargetAttributes = {
					4F778DF625C7962A0066545B = {
						CreatedOnToolsVersion = 11.7;
					};
				};
			};
			buildConfigurationList = 4F778DF225C7962A0066545B /* Build configuration list for PBXProject "uvolt" */;
			compatibilityVersion = "Xcode 9.3";
			developmentRegion = en;
			hasScannedForEncodings = 0;
			knownRegions = (
				en,
				Base,
			);
			mainGroup = 4F778DEE25C7962A0066545B;
			productRefGroup = 4F778DF825C7962A0066545B /* Products */;
			projectDirPath = "";
			projectRoot = "";
			targets = (
				4F778DF625C7962A0066545B /* uvolt */,
			);
		};
/* End PBXProject section */

/* Begin PBXResourcesBuildPhase section */
		4F778DF525C7962A0066545B /* Resources */ = {
			isa = PBXResourcesBuildPhase;
			buildActionMask = 2147483647;
			files = (
				4F778E0A25C7962C0066545B /* LaunchScreen.storyboard in Resources */,
				4F778E0725C7962C0066545B /* Assets.xcassets in Resources */,
			);
			runOnlyForDeploymentPostprocessing = 0;
		};
/* End PBXResourcesBuildPhase section */

/* Begin PBXShellScriptBuildPhase section */
		4F778E1625C796B70066545B /* ShellScript */ = {
			isa = PBXShellScriptBuildPhase;
			buildActionMask = 2147483647;
			files = (
			);
			inputFileListPaths = (
				"$(SRCROOT)/input.xcfilelist",
			);
			inputPaths = (
			);
			outputFileListPaths = (
				"$(SRCROOT)/output.xcfilelist",
			);
			outputPaths = (
			);
			runOnlyForDeploymentPostprocessing = 0;
			shellPath = /bin/sh;
			shellScript = "/usr/local/bin/carthage copy-frameworks\n";
		};
/* End PBXShellScriptBuildPhase section */

/* Begin PBXSourcesBuildPhase section */
		4F778DF325C7962A0066545B /* Sources */ = {
			isa = PBXSourcesBuildPhase;
			buildActionMask = 2147483647;
			files = (
				4F778E0525C7962A0066545B /* uvolt.xcdatamodeld in Sources */,
				4F778DFF25C7962A0066545B /* PreloadViewController.swift in Sources */,
				4F778DFB25C7962A0066545B /* AppDelegate.swift in Sources */,
			);
			runOnlyForDeploymentPostprocessing = 0;
		};
/* End PBXSourcesBuildPhase section */

/* Begin PBXVariantGroup section */
		4F778E0825C7962C0066545B /* LaunchScreen.storyboard */ = {
			isa = PBXVariantGroup;
			children = (
				4F778E0925C7962C0066545B /* Base */,
			);
			name = LaunchScreen.storyboard;
			sourceTree = "<group>";
		};
/* End PBXVariantGroup section */

/* Begin XCBuildConfiguration section */
		4F778E0C25C7962C0066545B /* Debug */ = {
			isa = XCBuildConfiguration;
			buildSettings = {
				ALWAYS_SEARCH_USER_PATHS = NO;
				CLANG_ANALYZER_NONNULL = YES;
				CLANG_ANALYZER_NUMBER_OBJECT_CONVERSION = YES_AGGRESSIVE;
				CLANG_CXX_LANGUAGE_STANDARD = "gnu++14";
				CLANG_CXX_LIBRARY = "libc++";
				CLANG_ENABLE_MODULES = YES;
				CLANG_ENABLE_OBJC_ARC = YES;
				CLANG_ENABLE_OBJC_WEAK = YES;
				CLANG_WARN_BLOCK_CAPTURE_AUTORELEASING = YES;
				CLANG_WARN_BOOL_CONVERSION = YES;
				CLANG_WARN_COMMA = YES;
				CLANG_WARN_CONSTANT_CONVERSION = YES;
				CLANG_WARN_DEPRECATED_OBJC_IMPLEMENTATIONS = YES;
				CLANG_WARN_DIRECT_OBJC_ISA_USAGE = YES_ERROR;
				CLANG_WARN_DOCUMENTATION_COMMENTS = YES;
				CLANG_WARN_EMPTY_BODY = YES;
				CLANG_WARN_ENUM_CONVERSION = YES;
				CLANG_WARN_INFINITE_RECURSION = YES;
				CLANG_WARN_INT_CONVERSION = YES;
				CLANG_WARN_NON_LITERAL_NULL_CONVERSION = YES;
				CLANG_WARN_OBJC_IMPLICIT_RETAIN_SELF = YES;
				CLANG_WARN_OBJC_LITERAL_CONVERSION = YES;
				CLANG_WARN_OBJC_ROOT_CLASS = YES_ERROR;
				CLANG_WARN_RANGE_LOOP_ANALYSIS = YES;
				CLANG_WARN_STRICT_PROTOTYPES = YES;
				CLANG_WARN_SUSPICIOUS_MOVE = YES;
				CLANG_WARN_UNGUARDED_AVAILABILITY = YES_AGGRESSIVE;
				CLANG_WARN_UNREACHABLE_CODE = YES;
				CLANG_WARN__DUPLICATE_METHOD_MATCH = YES;
				COPY_PHASE_STRIP = NO;
				DEBUG_INFORMATION_FORMAT = dwarf;
				ENABLE_STRICT_OBJC_MSGSEND = YES;
				ENABLE_TESTABILITY = YES;
				GCC_C_LANGUAGE_STANDARD = gnu11;
				GCC_DYNAMIC_NO_PIC = NO;
				GCC_NO_COMMON_BLOCKS = YES;
				GCC_OPTIMIZATION_LEVEL = 0;
				GCC_PREPROCESSOR_DEFINITIONS = (
					"DEBUG=1",
					"$(inherited)",
				);
				GCC_WARN_64_TO_32_BIT_CONVERSION = YES;
				GCC_WARN_ABOUT_RETURN_TYPE = YES_ERROR;
				GCC_WARN_UNDECLARED_SELECTOR = YES;
				GCC_WARN_UNINITIALIZED_AUTOS = YES_AGGRESSIVE;
				GCC_WARN_UNUSED_FUNCTION = YES;
				GCC_WARN_UNUSED_VARIABLE = YES;
				IPHONEOS_DEPLOYMENT_TARGET = 13.7;
				MTL_ENABLE_DEBUG_INFO = INCLUDE_SOURCE;
				MTL_FAST_MATH = YES;
				ONLY_ACTIVE_ARCH = YES;
				SDKROOT = iphoneos;
				SWIFT_ACTIVE_COMPILATION_CONDITIONS = DEBUG;
				SWIFT_OPTIMIZATION_LEVEL = "-Onone";
			};
			name = Debug;
		};
		4F778E0D25C7962C0066545B /* Release */ = {
			isa = XCBuildConfiguration;
			buildSettings = {
				ALWAYS_SEARCH_USER_PATHS = NO;
				CLANG_ANALYZER_NONNULL = YES;
				CLANG_ANALYZER_NUMBER_OBJECT_CONVERSION = YES_AGGRESSIVE;
				CLANG_CXX_LANGUAGE_STANDARD = "gnu++14";
				CLANG_CXX_LIBRARY = "libc++";
				CLANG_ENABLE_MODULES = YES;
				CLANG_ENABLE_OBJC_ARC = YES;
				CLANG_ENABLE_OBJC_WEAK = YES;
				CLANG_WARN_BLOCK_CAPTURE_AUTORELEASING = YES;
				CLANG_WARN_BOOL_CONVERSION = YES;
				CLANG_WARN_COMMA = YES;
				CLANG_WARN_CONSTANT_CONVERSION = YES;
				CLANG_WARN_DEPRECATED_OBJC_IMPLEMENTATIONS = YES;
				CLANG_WARN_DIRECT_OBJC_ISA_USAGE = YES_ERROR;
				CLANG_WARN_DOCUMENTATION_COMMENTS = YES;
				CLANG_WARN_EMPTY_BODY = YES;
				CLANG_WARN_ENUM_CONVERSION = YES;
				CLANG_WARN_INFINITE_RECURSION = YES;
				CLANG_WARN_INT_CONVERSION = YES;
				CLANG_WARN_NON_LITERAL_NULL_CONVERSION = YES;
				CLANG_WARN_OBJC_IMPLICIT_RETAIN_SELF = YES;
				CLANG_WARN_OBJC_LITERAL_CONVERSION = YES;
				CLANG_WARN_OBJC_ROOT_CLASS = YES_ERROR;
				CLANG_WARN_RANGE_LOOP_ANALYSIS = YES;
				CLANG_WARN_STRICT_PROTOTYPES = YES;
				CLANG_WARN_SUSPICIOUS_MOVE = YES;
				CLANG_WARN_UNGUARDED_AVAILABILITY = YES_AGGRESSIVE;
				CLANG_WARN_UNREACHABLE_CODE = YES;
				CLANG_WARN__DUPLICATE_METHOD_MATCH = YES;
				COPY_PHASE_STRIP = NO;
				DEBUG_INFORMATION_FORMAT = "dwarf-with-dsym";
				ENABLE_NS_ASSERTIONS = NO;
				ENABLE_STRICT_OBJC_MSGSEND = YES;
				GCC_C_LANGUAGE_STANDARD = gnu11;
				GCC_NO_COMMON_BLOCKS = YES;
				GCC_WARN_64_TO_32_BIT_CONVERSION = YES;
				GCC_WARN_ABOUT_RETURN_TYPE = YES_ERROR;
				GCC_WARN_UNDECLARED_SELECTOR = YES;
				GCC_WARN_UNINITIALIZED_AUTOS = YES_AGGRESSIVE;
				GCC_WARN_UNUSED_FUNCTION = YES;
				GCC_WARN_UNUSED_VARIABLE = YES;
				IPHONEOS_DEPLOYMENT_TARGET = 13.7;
				MTL_ENABLE_DEBUG_INFO = NO;
				MTL_FAST_MATH = YES;
				SDKROOT = iphoneos;
				SWIFT_COMPILATION_MODE = wholemodule;
				SWIFT_OPTIMIZATION_LEVEL = "-O";
				VALIDATE_PRODUCT = YES;
			};
			name = Release;
		};
		4F778E0F25C7962C0066545B /* Debug */ = {
			isa = XCBuildConfiguration;
			buildSettings = {
				ASSETCATALOG_COMPILER_APPICON_NAME = AppIcon;
				CODE_SIGN_STYLE = Automatic;
				DEVELOPMENT_TEAM = A439DVJ2X6;
				FRAMEWORK_SEARCH_PATHS = (
					"$(inherited)",
					"$(PROJECT_DIR)/Carthage/Build/iOS",
				);
				INFOPLIST_FILE = uvolt/Info.plist;
				IPHONEOS_DEPLOYMENT_TARGET = 12.0;
				LD_RUNPATH_SEARCH_PATHS = (
					"$(inherited)",
					"@executable_path/Frameworks",
				);
				PRODUCT_BUNDLE_IDENTIFIER = aturan23.uvolt;
				PRODUCT_NAME = "$(TARGET_NAME)";
				SWIFT_VERSION = 5.0;
				TARGETED_DEVICE_FAMILY = 1;
			};
			name = Debug;
		};
		4F778E1025C7962C0066545B /* Release */ = {
			isa = XCBuildConfiguration;
			buildSettings = {
				ASSETCATALOG_COMPILER_APPICON_NAME = AppIcon;
				CODE_SIGN_STYLE = Automatic;
				DEVELOPMENT_TEAM = A439DVJ2X6;
				FRAMEWORK_SEARCH_PATHS = (
					"$(inherited)",
					"$(PROJECT_DIR)/Carthage/Build/iOS",
				);
				INFOPLIST_FILE = uvolt/Info.plist;
				IPHONEOS_DEPLOYMENT_TARGET = 12.0;
				LD_RUNPATH_SEARCH_PATHS = (
					"$(inherited)",
					"@executable_path/Frameworks",
				);
				PRODUCT_BUNDLE_IDENTIFIER = aturan23.uvolt;
				PRODUCT_NAME = "$(TARGET_NAME)";
				SWIFT_VERSION = 5.0;
				TARGETED_DEVICE_FAMILY = 1;
			};
			name = Release;
		};
/* End XCBuildConfiguration section */

/* Begin XCConfigurationList section */
		4F778DF225C7962A0066545B /* Build configuration list for PBXProject "uvolt" */ = {
			isa = XCConfigurationList;
			buildConfigurations = (
				4F778E0C25C7962C0066545B /* Debug */,
				4F778E0D25C7962C0066545B /* Release */,
			);
			defaultConfigurationIsVisible = 0;
			defaultConfigurationName = Release;
		};
		4F778E0E25C7962C0066545B /* Build configuration list for PBXNativeTarget "uvolt" */ = {
			isa = XCConfigurationList;
			buildConfigurations = (
				4F778E0F25C7962C0066545B /* Debug */,
				4F778E1025C7962C0066545B /* Release */,
			);
			defaultConfigurationIsVisible = 0;
			defaultConfigurationName = Release;
		};
/* End XCConfigurationList section */

/* Begin XCVersionGroup section */
		4F778E0325C7962A0066545B /* uvolt.xcdatamodeld */ = {
			isa = XCVersionGroup;
			children = (
				4F778E0425C7962A0066545B /* uvolt.xcdatamodel */,
			);
			currentVersion = 4F778E0425C7962A0066545B /* uvolt.xcdatamodel */;
			path = uvolt.xcdatamodeld;
			sourceTree = "<group>";
			versionGroupType = wrapper.xcdatamodel;
		};
/* End XCVersionGroup section */
	};
	rootObject = 4F778DEF25C7962A0066545B /* Project object */;
}
