// !$*UTF8*$!
{
	archiveVersion = 1;
	classes = {
	};
	objectVersion = 51;
	objects = {

/* Begin PBXBuildFile section */
		0011EF50AC0FB258CB3105A9 /* PreloadViewProtocols.swift in Sources */ = {isa = PBXBuildFile; fileRef = 1534DF41B1943263394CEA68 /* PreloadViewProtocols.swift */; };
		0265422410CB110CA74D4D08 /* ConnectModuleInput.swift in Sources */ = {isa = PBXBuildFile; fileRef = 6CBC67A1D7D8A4001274C90C /* ConnectModuleInput.swift */; };
		0332E62981F32148F77948B2 /* SpeedModuleInput.swift in Sources */ = {isa = PBXBuildFile; fileRef = 95B541E54F46415D0FAA691A /* SpeedModuleInput.swift */; };
		0B0D8211FD4DFDA94AC38ED1 /* MainViewController.swift in Sources */ = {isa = PBXBuildFile; fileRef = 7016835B961426D6E4C2B636 /* MainViewController.swift */; };
		0C6BD52DFD68761D476A0591 /* ConnectViewProtocols.swift in Sources */ = {isa = PBXBuildFile; fileRef = 4557EB2C602D5853F6E906C4 /* ConnectViewProtocols.swift */; };
		10398E7FE27863FD3A83D1C7 /* SettingsModuleInput.swift in Sources */ = {isa = PBXBuildFile; fileRef = 23B7CE7C465B63D8D147EF3F /* SettingsModuleInput.swift */; };
		1E83FBAC434891C0739BC0FD /* PreloadModuleInput.swift in Sources */ = {isa = PBXBuildFile; fileRef = 63C3CB668C11BD22264A6ADC /* PreloadModuleInput.swift */; };
		30A93AF0349FB1DF59122BB1 /* ConnectModuleOutput.swift in Sources */ = {isa = PBXBuildFile; fileRef = 55C426767D675EA6EA3163C6 /* ConnectModuleOutput.swift */; };
		35053AF4FF0290F3787CCCC5 /* ConnectViewModel.swift in Sources */ = {isa = PBXBuildFile; fileRef = 0DC847BE07A86036BFB9D546 /* ConnectViewModel.swift */; };
		36FB4C0397237914C264C05A /* SettingsViewProtocols.swift in Sources */ = {isa = PBXBuildFile; fileRef = 0A7E446535881E4CB5F7A944 /* SettingsViewProtocols.swift */; };
		3A5AFF638BE9C5667D87E465 /* SpeedRouterInput.swift in Sources */ = {isa = PBXBuildFile; fileRef = 06B044DBD77B71AFA2125EC5 /* SpeedRouterInput.swift */; };
		3CEB41FDFDDE686BB49A811C /* SettingsViewModel.swift in Sources */ = {isa = PBXBuildFile; fileRef = 6FF7349A2DD8801BB30C077E /* SettingsViewModel.swift */; };
		3F8E6B162505188EDD57296A /* MainAssembly.swift in Sources */ = {isa = PBXBuildFile; fileRef = B7D621962F13555E9369CAE2 /* MainAssembly.swift */; };
		4C4674CC369FC332882B8321 /* SpeedViewAdapter.swift in Sources */ = {isa = PBXBuildFile; fileRef = E6471636DB8BF330BF57B83A /* SpeedViewAdapter.swift */; };
		4F03A0A425C7A1C1004E64B9 /* BaseModuleAssembly.swift in Sources */ = {isa = PBXBuildFile; fileRef = 4F03A0A325C7A1C1004E64B9 /* BaseModuleAssembly.swift */; };
		4F03A0A725C7A1DE004E64B9 /* Inject.swift in Sources */ = {isa = PBXBuildFile; fileRef = 4F03A0A625C7A1DE004E64B9 /* Inject.swift */; };
		4F03A0AB25C7A393004E64B9 /* SupportedLanguage.swift in Sources */ = {isa = PBXBuildFile; fileRef = 4F03A0AA25C7A393004E64B9 /* SupportedLanguage.swift */; };
		4F03A0B025C7A3C4004E64B9 /* GlobalConstants.swift in Sources */ = {isa = PBXBuildFile; fileRef = 4F03A0AF25C7A3C4004E64B9 /* GlobalConstants.swift */; };
		4F03A0B425C7A44A004E64B9 /* String+Localization.swift in Sources */ = {isa = PBXBuildFile; fileRef = 4F03A0B325C7A44A004E64B9 /* String+Localization.swift */; };
		4F03A0B725C7A466004E64B9 /* LocalLocalizer.swift in Sources */ = {isa = PBXBuildFile; fileRef = 4F03A0B625C7A466004E64B9 /* LocalLocalizer.swift */; };
		4F03A0BD25C7A4E1004E64B9 /* str-localization-en in Resources */ = {isa = PBXBuildFile; fileRef = 4F03A0BC25C7A4C6004E64B9 /* str-localization-en */; };
		4F03A0C125C7A4E6004E64B9 /* str-localization-ru in Resources */ = {isa = PBXBuildFile; fileRef = 4F03A0BB25C7A4C6004E64B9 /* str-localization-ru */; };
		4F03A0C525C7A51F004E64B9 /* Notifications.swift in Sources */ = {isa = PBXBuildFile; fileRef = 4F03A0C425C7A51F004E64B9 /* Notifications.swift */; };
		4F03A0C825C7A5DC004E64B9 /* Localizer.swift in Sources */ = {isa = PBXBuildFile; fileRef = 4F03A0C725C7A5DC004E64B9 /* Localizer.swift */; };
		4F03A0CD25C7A7D8004E64B9 /* BaseViewController.swift in Sources */ = {isa = PBXBuildFile; fileRef = 4F03A0CC25C7A7D8004E64B9 /* BaseViewController.swift */; };
		4F03A0D225C7A88E004E64B9 /* ContainerExtension.swift in Sources */ = {isa = PBXBuildFile; fileRef = 4F03A0D125C7A88E004E64B9 /* ContainerExtension.swift */; };
		4F03A0D625C7A8C8004E64B9 /* RootUIControllerType.swift in Sources */ = {isa = PBXBuildFile; fileRef = 4F03A0D525C7A8C8004E64B9 /* RootUIControllerType.swift */; };
		4F03A0DB25C7AA35004E64B9 /* AppCoordinating.swift in Sources */ = {isa = PBXBuildFile; fileRef = 4F03A0DA25C7AA35004E64B9 /* AppCoordinating.swift */; };
		4F03A0DF25C7AA6A004E64B9 /* AppCoordinator.swift in Sources */ = {isa = PBXBuildFile; fileRef = 4F03A0DE25C7AA6A004E64B9 /* AppCoordinator.swift */; };
		4F03A0E325C7AEA2004E64B9 /* LabelFactory.swift in Sources */ = {isa = PBXBuildFile; fileRef = 4F03A0E225C7AEA2004E64B9 /* LabelFactory.swift */; };
		4F03A0E725C7AEF3004E64B9 /* TextStyle.swift in Sources */ = {isa = PBXBuildFile; fileRef = 4F03A0E625C7AEF3004E64B9 /* TextStyle.swift */; };
		4F03A0EB25C7AF64004E64B9 /* UIFontExtension.swift in Sources */ = {isa = PBXBuildFile; fileRef = 4F03A0EA25C7AF64004E64B9 /* UIFontExtension.swift */; };
		4F03A0EF25C7AFF7004E64B9 /* Color.swift in Sources */ = {isa = PBXBuildFile; fileRef = 4F03A0EE25C7AFF7004E64B9 /* Color.swift */; };
		4F03A0F325C7B143004E64B9 /* UILabelExtension.swift in Sources */ = {isa = PBXBuildFile; fileRef = 4F03A0F225C7B143004E64B9 /* UILabelExtension.swift */; };
		4F778DFB25C7962A0066545B /* AppDelegate.swift in Sources */ = {isa = PBXBuildFile; fileRef = 4F778DFA25C7962A0066545B /* AppDelegate.swift */; };
		4F778E0525C7962A0066545B /* uvolt.xcdatamodeld in Sources */ = {isa = PBXBuildFile; fileRef = 4F778E0325C7962A0066545B /* uvolt.xcdatamodeld */; };
		4F778E0725C7962C0066545B /* Assets.xcassets in Resources */ = {isa = PBXBuildFile; fileRef = 4F778E0625C7962C0066545B /* Assets.xcassets */; };
		4F778E0A25C7962C0066545B /* LaunchScreen.storyboard in Resources */ = {isa = PBXBuildFile; fileRef = 4F778E0825C7962C0066545B /* LaunchScreen.storyboard */; };
		4F892E8525C7E04700BA4F12 /* DeviceModel.swift in Sources */ = {isa = PBXBuildFile; fileRef = 4F892E8425C7E04700BA4F12 /* DeviceModel.swift */; };
		4F892EA525C7E78300BA4F12 /* ConnectTableViewCell.swift in Sources */ = {isa = PBXBuildFile; fileRef = 4F892EA425C7E78300BA4F12 /* ConnectTableViewCell.swift */; };
		4F892EAA25C7EC0700BA4F12 /* ReusableView.swift in Sources */ = {isa = PBXBuildFile; fileRef = 4F892EA925C7EC0700BA4F12 /* ReusableView.swift */; };
		4F892EB025C8096D00BA4F12 /* PeriodSegmentControlView.swift in Sources */ = {isa = PBXBuildFile; fileRef = 4F892EAF25C8096D00BA4F12 /* PeriodSegmentControlView.swift */; };
		4F892EB525C814FD00BA4F12 /* SegmentPeriod.swift in Sources */ = {isa = PBXBuildFile; fileRef = 4F892EB425C814FD00BA4F12 /* SegmentPeriod.swift */; };
		4F892EBA25C82F9900BA4F12 /* Button.swift in Sources */ = {isa = PBXBuildFile; fileRef = 4F892EB925C82F9900BA4F12 /* Button.swift */; };
		4F892EBE25C8302500BA4F12 /* IndicatorProtocol.swift in Sources */ = {isa = PBXBuildFile; fileRef = 4F892EBD25C8302500BA4F12 /* IndicatorProtocol.swift */; };
		4F892EC125C8304D00BA4F12 /* UIActivityIndicatorViewExtension.swift in Sources */ = {isa = PBXBuildFile; fileRef = 4F892EC025C8304D00BA4F12 /* UIActivityIndicatorViewExtension.swift */; };
		4F892EC525C830FD00BA4F12 /* UIImageExtension.swift in Sources */ = {isa = PBXBuildFile; fileRef = 4F892EC425C830FD00BA4F12 /* UIImageExtension.swift */; };
		4F892EC925C8312200BA4F12 /* CALayerExtension.swift in Sources */ = {isa = PBXBuildFile; fileRef = 4F892EC825C8312200BA4F12 /* CALayerExtension.swift */; };
		4F892ECC25C8314800BA4F12 /* UIButtonExtension.swift in Sources */ = {isa = PBXBuildFile; fileRef = 4F892ECB25C8314800BA4F12 /* UIButtonExtension.swift */; };
		4F892ED025C83AC700BA4F12 /* InformationRoundedView.swift in Sources */ = {isa = PBXBuildFile; fileRef = 4F892ECF25C83AC700BA4F12 /* InformationRoundedView.swift */; };
		4F892ED525C8E41F00BA4F12 /* ParametersCollectionViewCell.swift in Sources */ = {isa = PBXBuildFile; fileRef = 4F892ED425C8E41F00BA4F12 /* ParametersCollectionViewCell.swift */; };
		4F892ED925C9233C00BA4F12 /* InformationType.swift in Sources */ = {isa = PBXBuildFile; fileRef = 4F892ED825C9233C00BA4F12 /* InformationType.swift */; };
		51132395B1BA70A9C8F6D4F6 /* SettingsViewController.swift in Sources */ = {isa = PBXBuildFile; fileRef = 9867F8F40E220A5A31AFC8CB /* SettingsViewController.swift */; };
		5D5D80FE469A0DB9D49F2D30 /* MainViewModel.swift in Sources */ = {isa = PBXBuildFile; fileRef = 50014610B62F1BFF09034904 /* MainViewModel.swift */; };
		71E6F2E6C3520C4D6609C065 /* SettingsRouterInput.swift in Sources */ = {isa = PBXBuildFile; fileRef = F25ED39FD9E897BE0987B5D0 /* SettingsRouterInput.swift */; };
		7440C8ABC28EB38EF047D053 /* Pods_uvolt.framework in Frameworks */ = {isa = PBXBuildFile; fileRef = EE5A2991B9C9E71EB43AFDD7 /* Pods_uvolt.framework */; };
		7D5277FF3719F3C671304AB6 /* SettingsModuleOutput.swift in Sources */ = {isa = PBXBuildFile; fileRef = 249EB1BEFF359DF5BA69E3D1 /* SettingsModuleOutput.swift */; };
		8507175015DD9AE7F7AE74CF /* SpeedModuleOutput.swift in Sources */ = {isa = PBXBuildFile; fileRef = D0ACF695E0FA36F8C1347285 /* SpeedModuleOutput.swift */; };
		8A18002DEADF174E71129E1D /* MainModuleInput.swift in Sources */ = {isa = PBXBuildFile; fileRef = 53BB174DDB7071BA09660AFB /* MainModuleInput.swift */; };
		984F9740FBF380119312C451 /* PreloadViewModel.swift in Sources */ = {isa = PBXBuildFile; fileRef = F84E922694C4D244C2FD2EB9 /* PreloadViewModel.swift */; };
		9A6EB7A6EEFCA4D97A6AB7C2 /* MainViewAdapter.swift in Sources */ = {isa = PBXBuildFile; fileRef = 1A0459D25F5D9FEAD5ADDB67 /* MainViewAdapter.swift */; };
		9CBA181FB904CC48F2CCEC9B /* PreloadViewAdapter.swift in Sources */ = {isa = PBXBuildFile; fileRef = 7BFEBCF6771A37DC362188E2 /* PreloadViewAdapter.swift */; };
		9E82010F55A25266096BAC7B /* SpeedViewModel.swift in Sources */ = {isa = PBXBuildFile; fileRef = 0F0BB4282214D4D257D16048 /* SpeedViewModel.swift */; };
		A0432921A4F0AB5E0EC0FF29 /* MainModuleOutput.swift in Sources */ = {isa = PBXBuildFile; fileRef = 0006DA7925CED666FB3AFC89 /* MainModuleOutput.swift */; };
		A3925153CB96C41A9A4FB564 /* MainViewProtocols.swift in Sources */ = {isa = PBXBuildFile; fileRef = B0624909E1C4EC4F40F8FFA4 /* MainViewProtocols.swift */; };
		A856DD8DCE2CE80035F23371 /* ConnectRouter.swift in Sources */ = {isa = PBXBuildFile; fileRef = 90E4C3DCD7FF9A1E0BE026F2 /* ConnectRouter.swift */; };
		B3B8D3D489B2CAD4666BFFB3 /* SettingsAssembly.swift in Sources */ = {isa = PBXBuildFile; fileRef = F3C88BAD26724A5C95E362C2 /* SettingsAssembly.swift */; };
		B678598C6048D9BC9B3290EB /* PreloadRouter.swift in Sources */ = {isa = PBXBuildFile; fileRef = ACD694CFDD5428D9E35475D9 /* PreloadRouter.swift */; };
		BA852C8EA5940E25F011BE59 /* SpeedViewController.swift in Sources */ = {isa = PBXBuildFile; fileRef = 9C0F80FD3C8023B706914948 /* SpeedViewController.swift */; };
		BBBF8DAA35E4BD84D82A9642 /* PreloadAssembly.swift in Sources */ = {isa = PBXBuildFile; fileRef = 59E1B51A71D780A9900D5716 /* PreloadAssembly.swift */; };
		C21C75115D6EDFBE7F7DC86B /* ConnectAssembly.swift in Sources */ = {isa = PBXBuildFile; fileRef = 03B65D6899334F2BED97483B /* ConnectAssembly.swift */; };
		C264B4E0D9CEDED8082BE17E /* ConnectViewAdapter.swift in Sources */ = {isa = PBXBuildFile; fileRef = B8B6199337BBD9B5F1B32528 /* ConnectViewAdapter.swift */; };
		CB8B0A42F58616096076608E /* SpeedRouter.swift in Sources */ = {isa = PBXBuildFile; fileRef = 5F2127EBD815E2A98DCE6FA5 /* SpeedRouter.swift */; };
		CDB1F64BF610E47C8789651D /* SpeedViewProtocols.swift in Sources */ = {isa = PBXBuildFile; fileRef = 4C292F59567CF7F8F744CCE0 /* SpeedViewProtocols.swift */; };
		CDDD6D80F0A6E3429A039518 /* MainRouter.swift in Sources */ = {isa = PBXBuildFile; fileRef = 29158C21D8F9A5DB97E4AFF8 /* MainRouter.swift */; };
		D01A31F1C4ACA49E5A61C550 /* PreloadRouterInput.swift in Sources */ = {isa = PBXBuildFile; fileRef = D66E53869EFA32ACCFED001F /* PreloadRouterInput.swift */; };
		DB4EC52903DE200978B8227D /* SettingsRouter.swift in Sources */ = {isa = PBXBuildFile; fileRef = 3AE326DCC12D892E842DADEC /* SettingsRouter.swift */; };
		DE2D40C4FBF004D675EADFB3 /* SpeedAssembly.swift in Sources */ = {isa = PBXBuildFile; fileRef = 0935F179B29825F666862AB3 /* SpeedAssembly.swift */; };
		E2B14636E71CCBC4ED640484 /* MainRouterInput.swift in Sources */ = {isa = PBXBuildFile; fileRef = 893BDCA647ABFC7BC01AE4A5 /* MainRouterInput.swift */; };
		E740AB17EC41F88A13073A58 /* ConnectViewController.swift in Sources */ = {isa = PBXBuildFile; fileRef = 83520514EB5B2406E2F721E2 /* ConnectViewController.swift */; };
		EBC715CA30A17EC7F8D2E1E2 /* PreloadViewController.swift in Sources */ = {isa = PBXBuildFile; fileRef = 8F400DEE402B5DD6BFA9CA18 /* PreloadViewController.swift */; };
		F0754C967547A2643310C971 /* SettingsViewAdapter.swift in Sources */ = {isa = PBXBuildFile; fileRef = EEF6083497D26134346DA800 /* SettingsViewAdapter.swift */; };
		F4F2DAF2B157F9BE1A90EF90 /* ConnectRouterInput.swift in Sources */ = {isa = PBXBuildFile; fileRef = 8342D4A6BD105550485A514C /* ConnectRouterInput.swift */; };
		F5CC74DD38DD0C518CE0F518 /* PreloadModuleOutput.swift in Sources */ = {isa = PBXBuildFile; fileRef = 6F454AE3386F4D768B53FBCF /* PreloadModuleOutput.swift */; };
/* End PBXBuildFile section */

/* Begin PBXFileReference section */
		0006DA7925CED666FB3AFC89 /* MainModuleOutput.swift */ = {isa = PBXFileReference; includeInIndex = 1; lastKnownFileType = sourcecode.swift; path = MainModuleOutput.swift; sourceTree = "<group>"; };
		03B65D6899334F2BED97483B /* ConnectAssembly.swift */ = {isa = PBXFileReference; includeInIndex = 1; lastKnownFileType = sourcecode.swift; path = ConnectAssembly.swift; sourceTree = "<group>"; };
		06B044DBD77B71AFA2125EC5 /* SpeedRouterInput.swift */ = {isa = PBXFileReference; includeInIndex = 1; lastKnownFileType = sourcecode.swift; path = SpeedRouterInput.swift; sourceTree = "<group>"; };
		0935F179B29825F666862AB3 /* SpeedAssembly.swift */ = {isa = PBXFileReference; includeInIndex = 1; lastKnownFileType = sourcecode.swift; path = SpeedAssembly.swift; sourceTree = "<group>"; };
		0A7E446535881E4CB5F7A944 /* SettingsViewProtocols.swift */ = {isa = PBXFileReference; includeInIndex = 1; lastKnownFileType = sourcecode.swift; path = SettingsViewProtocols.swift; sourceTree = "<group>"; };
		0DC847BE07A86036BFB9D546 /* ConnectViewModel.swift */ = {isa = PBXFileReference; includeInIndex = 1; lastKnownFileType = sourcecode.swift; path = ConnectViewModel.swift; sourceTree = "<group>"; };
		0F0BB4282214D4D257D16048 /* SpeedViewModel.swift */ = {isa = PBXFileReference; includeInIndex = 1; lastKnownFileType = sourcecode.swift; path = SpeedViewModel.swift; sourceTree = "<group>"; };
		1534DF41B1943263394CEA68 /* PreloadViewProtocols.swift */ = {isa = PBXFileReference; includeInIndex = 1; lastKnownFileType = sourcecode.swift; path = PreloadViewProtocols.swift; sourceTree = "<group>"; };
		1A0459D25F5D9FEAD5ADDB67 /* MainViewAdapter.swift */ = {isa = PBXFileReference; includeInIndex = 1; lastKnownFileType = sourcecode.swift; path = MainViewAdapter.swift; sourceTree = "<group>"; };
		23B7CE7C465B63D8D147EF3F /* SettingsModuleInput.swift */ = {isa = PBXFileReference; includeInIndex = 1; lastKnownFileType = sourcecode.swift; path = SettingsModuleInput.swift; sourceTree = "<group>"; };
		249EB1BEFF359DF5BA69E3D1 /* SettingsModuleOutput.swift */ = {isa = PBXFileReference; includeInIndex = 1; lastKnownFileType = sourcecode.swift; path = SettingsModuleOutput.swift; sourceTree = "<group>"; };
		29158C21D8F9A5DB97E4AFF8 /* MainRouter.swift */ = {isa = PBXFileReference; includeInIndex = 1; lastKnownFileType = sourcecode.swift; path = MainRouter.swift; sourceTree = "<group>"; };
		3AE326DCC12D892E842DADEC /* SettingsRouter.swift */ = {isa = PBXFileReference; includeInIndex = 1; lastKnownFileType = sourcecode.swift; path = SettingsRouter.swift; sourceTree = "<group>"; };
		4557EB2C602D5853F6E906C4 /* ConnectViewProtocols.swift */ = {isa = PBXFileReference; includeInIndex = 1; lastKnownFileType = sourcecode.swift; path = ConnectViewProtocols.swift; sourceTree = "<group>"; };
		4C292F59567CF7F8F744CCE0 /* SpeedViewProtocols.swift */ = {isa = PBXFileReference; includeInIndex = 1; lastKnownFileType = sourcecode.swift; path = SpeedViewProtocols.swift; sourceTree = "<group>"; };
		4F03A09B25C7A1A2004E64B9 /* Swinject.framework */ = {isa = PBXFileReference; lastKnownFileType = wrapper.framework; name = Swinject.framework; path = Carthage/Build/iOS/Swinject.framework; sourceTree = "<group>"; };
		4F03A09F25C7A1A6004E64B9 /* SwinjectAutoregistration.framework */ = {isa = PBXFileReference; lastKnownFileType = wrapper.framework; name = SwinjectAutoregistration.framework; path = Carthage/Build/iOS/SwinjectAutoregistration.framework; sourceTree = "<group>"; };
		4F03A0A325C7A1C1004E64B9 /* BaseModuleAssembly.swift */ = {isa = PBXFileReference; lastKnownFileType = sourcecode.swift; path = BaseModuleAssembly.swift; sourceTree = "<group>"; };
		4F03A0A625C7A1DE004E64B9 /* Inject.swift */ = {isa = PBXFileReference; lastKnownFileType = sourcecode.swift; path = Inject.swift; sourceTree = "<group>"; };
		4F03A0AA25C7A393004E64B9 /* SupportedLanguage.swift */ = {isa = PBXFileReference; lastKnownFileType = sourcecode.swift; path = SupportedLanguage.swift; sourceTree = "<group>"; };
		4F03A0AF25C7A3C4004E64B9 /* GlobalConstants.swift */ = {isa = PBXFileReference; lastKnownFileType = sourcecode.swift; path = GlobalConstants.swift; sourceTree = "<group>"; };
		4F03A0B325C7A44A004E64B9 /* String+Localization.swift */ = {isa = PBXFileReference; lastKnownFileType = sourcecode.swift; path = "String+Localization.swift"; sourceTree = "<group>"; };
		4F03A0B625C7A466004E64B9 /* LocalLocalizer.swift */ = {isa = PBXFileReference; lastKnownFileType = sourcecode.swift; path = LocalLocalizer.swift; sourceTree = "<group>"; };
		4F03A0BB25C7A4C6004E64B9 /* str-localization-ru */ = {isa = PBXFileReference; lastKnownFileType = text; path = "str-localization-ru"; sourceTree = "<group>"; };
		4F03A0BC25C7A4C6004E64B9 /* str-localization-en */ = {isa = PBXFileReference; lastKnownFileType = text; path = "str-localization-en"; sourceTree = "<group>"; };
		4F03A0C425C7A51F004E64B9 /* Notifications.swift */ = {isa = PBXFileReference; lastKnownFileType = sourcecode.swift; path = Notifications.swift; sourceTree = "<group>"; };
		4F03A0C725C7A5DC004E64B9 /* Localizer.swift */ = {isa = PBXFileReference; lastKnownFileType = sourcecode.swift; path = Localizer.swift; sourceTree = "<group>"; };
		4F03A0CC25C7A7D8004E64B9 /* BaseViewController.swift */ = {isa = PBXFileReference; lastKnownFileType = sourcecode.swift; path = BaseViewController.swift; sourceTree = "<group>"; };
		4F03A0D125C7A88E004E64B9 /* ContainerExtension.swift */ = {isa = PBXFileReference; lastKnownFileType = sourcecode.swift; path = ContainerExtension.swift; sourceTree = "<group>"; };
		4F03A0D525C7A8C8004E64B9 /* RootUIControllerType.swift */ = {isa = PBXFileReference; lastKnownFileType = sourcecode.swift; path = RootUIControllerType.swift; sourceTree = "<group>"; };
		4F03A0DA25C7AA35004E64B9 /* AppCoordinating.swift */ = {isa = PBXFileReference; lastKnownFileType = sourcecode.swift; path = AppCoordinating.swift; sourceTree = "<group>"; };
		4F03A0DE25C7AA6A004E64B9 /* AppCoordinator.swift */ = {isa = PBXFileReference; lastKnownFileType = sourcecode.swift; path = AppCoordinator.swift; sourceTree = "<group>"; };
		4F03A0E225C7AEA2004E64B9 /* LabelFactory.swift */ = {isa = PBXFileReference; lastKnownFileType = sourcecode.swift; path = LabelFactory.swift; sourceTree = "<group>"; };
		4F03A0E625C7AEF3004E64B9 /* TextStyle.swift */ = {isa = PBXFileReference; lastKnownFileType = sourcecode.swift; path = TextStyle.swift; sourceTree = "<group>"; };
		4F03A0EA25C7AF64004E64B9 /* UIFontExtension.swift */ = {isa = PBXFileReference; lastKnownFileType = sourcecode.swift; path = UIFontExtension.swift; sourceTree = "<group>"; };
		4F03A0EE25C7AFF7004E64B9 /* Color.swift */ = {isa = PBXFileReference; lastKnownFileType = sourcecode.swift; path = Color.swift; sourceTree = "<group>"; };
		4F03A0F225C7B143004E64B9 /* UILabelExtension.swift */ = {isa = PBXFileReference; lastKnownFileType = sourcecode.swift; path = UILabelExtension.swift; sourceTree = "<group>"; };
		4F778DF725C7962A0066545B /* uvolt.app */ = {isa = PBXFileReference; explicitFileType = wrapper.application; includeInIndex = 0; path = uvolt.app; sourceTree = BUILT_PRODUCTS_DIR; };
		4F778DFA25C7962A0066545B /* AppDelegate.swift */ = {isa = PBXFileReference; lastKnownFileType = sourcecode.swift; path = AppDelegate.swift; sourceTree = "<group>"; };
		4F778E0425C7962A0066545B /* uvolt.xcdatamodel */ = {isa = PBXFileReference; lastKnownFileType = wrapper.xcdatamodel; path = uvolt.xcdatamodel; sourceTree = "<group>"; };
		4F778E0625C7962C0066545B /* Assets.xcassets */ = {isa = PBXFileReference; lastKnownFileType = folder.assetcatalog; path = Assets.xcassets; sourceTree = "<group>"; };
		4F778E0925C7962C0066545B /* Base */ = {isa = PBXFileReference; lastKnownFileType = file.storyboard; name = Base; path = Base.lproj/LaunchScreen.storyboard; sourceTree = "<group>"; };
		4F778E0B25C7962C0066545B /* Info.plist */ = {isa = PBXFileReference; lastKnownFileType = text.plist.xml; path = Info.plist; sourceTree = "<group>"; };
		4F778E1225C796610066545B /* SnapKit.framework */ = {isa = PBXFileReference; lastKnownFileType = wrapper.framework; name = SnapKit.framework; path = Carthage/Build/iOS/SnapKit.framework; sourceTree = "<group>"; };
		4F892E8425C7E04700BA4F12 /* DeviceModel.swift */ = {isa = PBXFileReference; lastKnownFileType = sourcecode.swift; path = DeviceModel.swift; sourceTree = "<group>"; };
		4F892EA425C7E78300BA4F12 /* ConnectTableViewCell.swift */ = {isa = PBXFileReference; lastKnownFileType = sourcecode.swift; path = ConnectTableViewCell.swift; sourceTree = "<group>"; };
		4F892EA925C7EC0700BA4F12 /* ReusableView.swift */ = {isa = PBXFileReference; lastKnownFileType = sourcecode.swift; path = ReusableView.swift; sourceTree = "<group>"; };
		4F892EAF25C8096D00BA4F12 /* PeriodSegmentControlView.swift */ = {isa = PBXFileReference; lastKnownFileType = sourcecode.swift; path = PeriodSegmentControlView.swift; sourceTree = "<group>"; };
		4F892EB425C814FD00BA4F12 /* SegmentPeriod.swift */ = {isa = PBXFileReference; lastKnownFileType = sourcecode.swift; path = SegmentPeriod.swift; sourceTree = "<group>"; };
		4F892EB925C82F9900BA4F12 /* Button.swift */ = {isa = PBXFileReference; lastKnownFileType = sourcecode.swift; path = Button.swift; sourceTree = "<group>"; };
		4F892EBD25C8302500BA4F12 /* IndicatorProtocol.swift */ = {isa = PBXFileReference; lastKnownFileType = sourcecode.swift; path = IndicatorProtocol.swift; sourceTree = "<group>"; };
		4F892EC025C8304D00BA4F12 /* UIActivityIndicatorViewExtension.swift */ = {isa = PBXFileReference; lastKnownFileType = sourcecode.swift; path = UIActivityIndicatorViewExtension.swift; sourceTree = "<group>"; };
		4F892EC425C830FD00BA4F12 /* UIImageExtension.swift */ = {isa = PBXFileReference; lastKnownFileType = sourcecode.swift; path = UIImageExtension.swift; sourceTree = "<group>"; };
		4F892EC825C8312200BA4F12 /* CALayerExtension.swift */ = {isa = PBXFileReference; lastKnownFileType = sourcecode.swift; path = CALayerExtension.swift; sourceTree = "<group>"; };
		4F892ECB25C8314800BA4F12 /* UIButtonExtension.swift */ = {isa = PBXFileReference; lastKnownFileType = sourcecode.swift; path = UIButtonExtension.swift; sourceTree = "<group>"; };
		4F892ECF25C83AC700BA4F12 /* InformationRoundedView.swift */ = {isa = PBXFileReference; lastKnownFileType = sourcecode.swift; path = InformationRoundedView.swift; sourceTree = "<group>"; };
		4F892ED425C8E41F00BA4F12 /* ParametersCollectionViewCell.swift */ = {isa = PBXFileReference; lastKnownFileType = sourcecode.swift; path = ParametersCollectionViewCell.swift; sourceTree = "<group>"; };
		4F892ED825C9233C00BA4F12 /* InformationType.swift */ = {isa = PBXFileReference; lastKnownFileType = sourcecode.swift; path = InformationType.swift; sourceTree = "<group>"; };
		50014610B62F1BFF09034904 /* MainViewModel.swift */ = {isa = PBXFileReference; includeInIndex = 1; lastKnownFileType = sourcecode.swift; path = MainViewModel.swift; sourceTree = "<group>"; };
		53BB174DDB7071BA09660AFB /* MainModuleInput.swift */ = {isa = PBXFileReference; includeInIndex = 1; lastKnownFileType = sourcecode.swift; path = MainModuleInput.swift; sourceTree = "<group>"; };
		55C426767D675EA6EA3163C6 /* ConnectModuleOutput.swift */ = {isa = PBXFileReference; includeInIndex = 1; lastKnownFileType = sourcecode.swift; path = ConnectModuleOutput.swift; sourceTree = "<group>"; };
		57E74CDCD59CC81A42C0907C /* Pods-uvolt.release.xcconfig */ = {isa = PBXFileReference; includeInIndex = 1; lastKnownFileType = text.xcconfig; name = "Pods-uvolt.release.xcconfig"; path = "Target Support Files/Pods-uvolt/Pods-uvolt.release.xcconfig"; sourceTree = "<group>"; };
		59E1B51A71D780A9900D5716 /* PreloadAssembly.swift */ = {isa = PBXFileReference; includeInIndex = 1; lastKnownFileType = sourcecode.swift; path = PreloadAssembly.swift; sourceTree = "<group>"; };
		5F2127EBD815E2A98DCE6FA5 /* SpeedRouter.swift */ = {isa = PBXFileReference; includeInIndex = 1; lastKnownFileType = sourcecode.swift; path = SpeedRouter.swift; sourceTree = "<group>"; };
		63C3CB668C11BD22264A6ADC /* PreloadModuleInput.swift */ = {isa = PBXFileReference; includeInIndex = 1; lastKnownFileType = sourcecode.swift; path = PreloadModuleInput.swift; sourceTree = "<group>"; };
		6CBC67A1D7D8A4001274C90C /* ConnectModuleInput.swift */ = {isa = PBXFileReference; includeInIndex = 1; lastKnownFileType = sourcecode.swift; path = ConnectModuleInput.swift; sourceTree = "<group>"; };
		6F454AE3386F4D768B53FBCF /* PreloadModuleOutput.swift */ = {isa = PBXFileReference; includeInIndex = 1; lastKnownFileType = sourcecode.swift; path = PreloadModuleOutput.swift; sourceTree = "<group>"; };
		6FF7349A2DD8801BB30C077E /* SettingsViewModel.swift */ = {isa = PBXFileReference; includeInIndex = 1; lastKnownFileType = sourcecode.swift; path = SettingsViewModel.swift; sourceTree = "<group>"; };
		7016835B961426D6E4C2B636 /* MainViewController.swift */ = {isa = PBXFileReference; includeInIndex = 1; lastKnownFileType = sourcecode.swift; path = MainViewController.swift; sourceTree = "<group>"; };
		7BFEBCF6771A37DC362188E2 /* PreloadViewAdapter.swift */ = {isa = PBXFileReference; includeInIndex = 1; lastKnownFileType = sourcecode.swift; path = PreloadViewAdapter.swift; sourceTree = "<group>"; };
		8342D4A6BD105550485A514C /* ConnectRouterInput.swift */ = {isa = PBXFileReference; includeInIndex = 1; lastKnownFileType = sourcecode.swift; path = ConnectRouterInput.swift; sourceTree = "<group>"; };
		83520514EB5B2406E2F721E2 /* ConnectViewController.swift */ = {isa = PBXFileReference; includeInIndex = 1; lastKnownFileType = sourcecode.swift; path = ConnectViewController.swift; sourceTree = "<group>"; };
		893BDCA647ABFC7BC01AE4A5 /* MainRouterInput.swift */ = {isa = PBXFileReference; includeInIndex = 1; lastKnownFileType = sourcecode.swift; path = MainRouterInput.swift; sourceTree = "<group>"; };
		8F400DEE402B5DD6BFA9CA18 /* PreloadViewController.swift */ = {isa = PBXFileReference; includeInIndex = 1; lastKnownFileType = sourcecode.swift; path = PreloadViewController.swift; sourceTree = "<group>"; };
		90E4C3DCD7FF9A1E0BE026F2 /* ConnectRouter.swift */ = {isa = PBXFileReference; includeInIndex = 1; lastKnownFileType = sourcecode.swift; path = ConnectRouter.swift; sourceTree = "<group>"; };
		95B541E54F46415D0FAA691A /* SpeedModuleInput.swift */ = {isa = PBXFileReference; includeInIndex = 1; lastKnownFileType = sourcecode.swift; path = SpeedModuleInput.swift; sourceTree = "<group>"; };
		9867F8F40E220A5A31AFC8CB /* SettingsViewController.swift */ = {isa = PBXFileReference; includeInIndex = 1; lastKnownFileType = sourcecode.swift; path = SettingsViewController.swift; sourceTree = "<group>"; };
		9C0F80FD3C8023B706914948 /* SpeedViewController.swift */ = {isa = PBXFileReference; includeInIndex = 1; lastKnownFileType = sourcecode.swift; path = SpeedViewController.swift; sourceTree = "<group>"; };
		ACD694CFDD5428D9E35475D9 /* PreloadRouter.swift */ = {isa = PBXFileReference; includeInIndex = 1; lastKnownFileType = sourcecode.swift; path = PreloadRouter.swift; sourceTree = "<group>"; };
		B0624909E1C4EC4F40F8FFA4 /* MainViewProtocols.swift */ = {isa = PBXFileReference; includeInIndex = 1; lastKnownFileType = sourcecode.swift; path = MainViewProtocols.swift; sourceTree = "<group>"; };
		B3C83CE6136FD4E63DB96EB6 /* Pods-uvolt.debug.xcconfig */ = {isa = PBXFileReference; includeInIndex = 1; lastKnownFileType = text.xcconfig; name = "Pods-uvolt.debug.xcconfig"; path = "Target Support Files/Pods-uvolt/Pods-uvolt.debug.xcconfig"; sourceTree = "<group>"; };
		B7D621962F13555E9369CAE2 /* MainAssembly.swift */ = {isa = PBXFileReference; includeInIndex = 1; lastKnownFileType = sourcecode.swift; path = MainAssembly.swift; sourceTree = "<group>"; };
		B8B6199337BBD9B5F1B32528 /* ConnectViewAdapter.swift */ = {isa = PBXFileReference; includeInIndex = 1; lastKnownFileType = sourcecode.swift; path = ConnectViewAdapter.swift; sourceTree = "<group>"; };
		D0ACF695E0FA36F8C1347285 /* SpeedModuleOutput.swift */ = {isa = PBXFileReference; includeInIndex = 1; lastKnownFileType = sourcecode.swift; path = SpeedModuleOutput.swift; sourceTree = "<group>"; };
		D66E53869EFA32ACCFED001F /* PreloadRouterInput.swift */ = {isa = PBXFileReference; includeInIndex = 1; lastKnownFileType = sourcecode.swift; path = PreloadRouterInput.swift; sourceTree = "<group>"; };
		E6471636DB8BF330BF57B83A /* SpeedViewAdapter.swift */ = {isa = PBXFileReference; includeInIndex = 1; lastKnownFileType = sourcecode.swift; path = SpeedViewAdapter.swift; sourceTree = "<group>"; };
		EE5A2991B9C9E71EB43AFDD7 /* Pods_uvolt.framework */ = {isa = PBXFileReference; explicitFileType = wrapper.framework; includeInIndex = 0; path = Pods_uvolt.framework; sourceTree = BUILT_PRODUCTS_DIR; };
		EEF6083497D26134346DA800 /* SettingsViewAdapter.swift */ = {isa = PBXFileReference; includeInIndex = 1; lastKnownFileType = sourcecode.swift; path = SettingsViewAdapter.swift; sourceTree = "<group>"; };
		F25ED39FD9E897BE0987B5D0 /* SettingsRouterInput.swift */ = {isa = PBXFileReference; includeInIndex = 1; lastKnownFileType = sourcecode.swift; path = SettingsRouterInput.swift; sourceTree = "<group>"; };
		F3C88BAD26724A5C95E362C2 /* SettingsAssembly.swift */ = {isa = PBXFileReference; includeInIndex = 1; lastKnownFileType = sourcecode.swift; path = SettingsAssembly.swift; sourceTree = "<group>"; };
		F84E922694C4D244C2FD2EB9 /* PreloadViewModel.swift */ = {isa = PBXFileReference; includeInIndex = 1; lastKnownFileType = sourcecode.swift; path = PreloadViewModel.swift; sourceTree = "<group>"; };
/* End PBXFileReference section */

/* Begin PBXFrameworksBuildPhase section */
		4F778DF425C7962A0066545B /* Frameworks */ = {
			isa = PBXFrameworksBuildPhase;
			buildActionMask = 2147483647;
			files = (
				7440C8ABC28EB38EF047D053 /* Pods_uvolt.framework in Frameworks */,
			);
			runOnlyForDeploymentPostprocessing = 0;
		};
/* End PBXFrameworksBuildPhase section */

/* Begin PBXGroup section */
		007D353D47D792D8B726B4E8 /* Settings */ = {
			isa = PBXGroup;
			children = (
				684F1951AF0E34BC4A8E2EB4 /* View */,
				4C521C55EBBEE814763DE66D /* ViewModel */,
				5CBD17521B5AEC3EA81D4422 /* Router */,
				9DB9DB6BDA6AF9040D5C4152 /* Assembly */,
			);
			path = Settings;
			sourceTree = "<group>";
		};
		119F79A9F1BEF2FABCE76C84 /* ViewModel */ = {
			isa = PBXGroup;
			children = (
				63C3CB668C11BD22264A6ADC /* PreloadModuleInput.swift */,
				6F454AE3386F4D768B53FBCF /* PreloadModuleOutput.swift */,
				F84E922694C4D244C2FD2EB9 /* PreloadViewModel.swift */,
			);
			path = ViewModel;
			sourceTree = "<group>";
		};
		1CEB00E54FFBCA5806B798D5 /* Router */ = {
			isa = PBXGroup;
			children = (
				8342D4A6BD105550485A514C /* ConnectRouterInput.swift */,
				90E4C3DCD7FF9A1E0BE026F2 /* ConnectRouter.swift */,
			);
			path = Router;
			sourceTree = "<group>";
		};
		1EF0B1ED9FFC295925BB3364 /* Main */ = {
			isa = PBXGroup;
			children = (
				4F892EB325C814EE00BA4F12 /* Entity */,
				39F06A77342BEEE161B7848F /* View */,
				CEC406BE9B2DA14C4DCB381C /* ViewModel */,
				CB35FCBA4F9903270272F356 /* Router */,
				B9C152C99226DEFD7B53111E /* Assembly */,
			);
			path = Main;
			sourceTree = "<group>";
		};
		209596ECF8E699ED23394F06 /* View */ = {
			isa = PBXGroup;
			children = (
				4C292F59567CF7F8F744CCE0 /* SpeedViewProtocols.swift */,
				9C0F80FD3C8023B706914948 /* SpeedViewController.swift */,
				E6471636DB8BF330BF57B83A /* SpeedViewAdapter.swift */,
			);
			name = View;
			path = View;
			sourceTree = "<group>";
		};
		29BB4319DB9AA7796E488D06 /* View */ = {
			isa = PBXGroup;
			children = (
				4F892EA325C7E77400BA4F12 /* Subviews */,
				4557EB2C602D5853F6E906C4 /* ConnectViewProtocols.swift */,
				83520514EB5B2406E2F721E2 /* ConnectViewController.swift */,
				B8B6199337BBD9B5F1B32528 /* ConnectViewAdapter.swift */,
			);
			path = View;
			sourceTree = "<group>";
		};
		2E2B9ACFE3F7E365D00C8365 /* ViewModel */ = {
			isa = PBXGroup;
			children = (
				95B541E54F46415D0FAA691A /* SpeedModuleInput.swift */,
				D0ACF695E0FA36F8C1347285 /* SpeedModuleOutput.swift */,
				0F0BB4282214D4D257D16048 /* SpeedViewModel.swift */,
			);
			name = ViewModel;
			path = ViewModel;
			sourceTree = "<group>";
		};
		39F06A77342BEEE161B7848F /* View */ = {
			isa = PBXGroup;
			children = (
				4F892EAE25C8091500BA4F12 /* Subviews */,
				B0624909E1C4EC4F40F8FFA4 /* MainViewProtocols.swift */,
				7016835B961426D6E4C2B636 /* MainViewController.swift */,
				1A0459D25F5D9FEAD5ADDB67 /* MainViewAdapter.swift */,
			);
			path = View;
			sourceTree = "<group>";
		};
		4510F4A8F3467C8F6A7B1766 /* View */ = {
			isa = PBXGroup;
			children = (
				1534DF41B1943263394CEA68 /* PreloadViewProtocols.swift */,
				8F400DEE402B5DD6BFA9CA18 /* PreloadViewController.swift */,
				7BFEBCF6771A37DC362188E2 /* PreloadViewAdapter.swift */,
			);
			path = View;
			sourceTree = "<group>";
		};
		4C521C55EBBEE814763DE66D /* ViewModel */ = {
			isa = PBXGroup;
			children = (
				23B7CE7C465B63D8D147EF3F /* SettingsModuleInput.swift */,
				249EB1BEFF359DF5BA69E3D1 /* SettingsModuleOutput.swift */,
				6FF7349A2DD8801BB30C077E /* SettingsViewModel.swift */,
			);
			path = ViewModel;
			sourceTree = "<group>";
		};
		4EF51561409121E31AADC84E /* Assembly */ = {
			isa = PBXGroup;
			children = (
				59E1B51A71D780A9900D5716 /* PreloadAssembly.swift */,
			);
			path = Assembly;
			sourceTree = "<group>";
		};
		4F03A08E25C79F95004E64B9 /* Resources */ = {
			isa = PBXGroup;
			children = (
				4F03A0B925C7A4A9004E64B9 /* localizations */,
			);
			path = Resources;
			sourceTree = "<group>";
		};
		4F03A08F25C79F99004E64B9 /* Modules */ = {
			isa = PBXGroup;
			children = (
				5EEB71A67BDF9667B43FF6D8 /* Preload */,
				F0942CA66F036B65C46E149F /* Connect */,
				1EF0B1ED9FFC295925BB3364 /* Main */,
				007D353D47D792D8B726B4E8 /* Settings */,
				FA9203F9E22E583944FF682D /* Speed */,
			);
			path = Modules;
			sourceTree = "<group>";
		};
		4F03A09925C7A178004E64B9 /* Source */ = {
			isa = PBXGroup;
			children = (
				4F03A0D925C7AA13004E64B9 /* Coordinators */,
				4F03A0D025C7A881004E64B9 /* Extensions */,
				4F03A0CB25C7A7A6004E64B9 /* UIKit */,
				4F03A09A25C7A186004E64B9 /* BaseObjects */,
				4F03A0A925C7A37A004E64B9 /* Localization */,
			);
			path = Source;
			sourceTree = "<group>";
		};
		4F03A09A25C7A186004E64B9 /* BaseObjects */ = {
			isa = PBXGroup;
			children = (
				4F03A0A325C7A1C1004E64B9 /* BaseModuleAssembly.swift */,
				4F03A0A625C7A1DE004E64B9 /* Inject.swift */,
			);
			path = BaseObjects;
			sourceTree = "<group>";
		};
		4F03A0A925C7A37A004E64B9 /* Localization */ = {
			isa = PBXGroup;
			children = (
				4F03A0AA25C7A393004E64B9 /* SupportedLanguage.swift */,
				4F03A0C725C7A5DC004E64B9 /* Localizer.swift */,
				4F03A0B625C7A466004E64B9 /* LocalLocalizer.swift */,
				4F03A0B325C7A44A004E64B9 /* String+Localization.swift */,
			);
			path = Localization;
			sourceTree = "<group>";
		};
		4F03A0AE25C7A3B6004E64B9 /* Core */ = {
			isa = PBXGroup;
			children = (
				4F03A0AF25C7A3C4004E64B9 /* GlobalConstants.swift */,
				4F03A0C425C7A51F004E64B9 /* Notifications.swift */,
			);
			path = Core;
			sourceTree = "<group>";
		};
		4F03A0B925C7A4A9004E64B9 /* localizations */ = {
			isa = PBXGroup;
			children = (
				4F03A0BC25C7A4C6004E64B9 /* str-localization-en */,
				4F03A0BB25C7A4C6004E64B9 /* str-localization-ru */,
			);
			path = localizations;
			sourceTree = "<group>";
		};
		4F03A0CB25C7A7A6004E64B9 /* UIKit */ = {
			isa = PBXGroup;
			children = (
				4F892EB825C82F8F00BA4F12 /* Buttons */,
				4F892EA825C7EC0000BA4F12 /* Common */,
				4F03A0E925C7AF5A004E64B9 /* Extensions */,
				4F03A0E125C7AE3E004E64B9 /* Label */,
				4F03A0CC25C7A7D8004E64B9 /* BaseViewController.swift */,
				4F03A0EE25C7AFF7004E64B9 /* Color.swift */,
			);
			path = UIKit;
			sourceTree = "<group>";
		};
		4F03A0D025C7A881004E64B9 /* Extensions */ = {
			isa = PBXGroup;
			children = (
				4F03A0D125C7A88E004E64B9 /* ContainerExtension.swift */,
			);
			path = Extensions;
			sourceTree = "<group>";
		};
		4F03A0D925C7AA13004E64B9 /* Coordinators */ = {
			isa = PBXGroup;
			children = (
				4F03A0DA25C7AA35004E64B9 /* AppCoordinating.swift */,
				4F03A0DE25C7AA6A004E64B9 /* AppCoordinator.swift */,
			);
			path = Coordinators;
			sourceTree = "<group>";
		};
		4F03A0E125C7AE3E004E64B9 /* Label */ = {
			isa = PBXGroup;
			children = (
				4F03A0E225C7AEA2004E64B9 /* LabelFactory.swift */,
				4F03A0E625C7AEF3004E64B9 /* TextStyle.swift */,
			);
			path = Label;
			sourceTree = "<group>";
		};
		4F03A0E925C7AF5A004E64B9 /* Extensions */ = {
			isa = PBXGroup;
			children = (
				4F03A0EA25C7AF64004E64B9 /* UIFontExtension.swift */,
				4F03A0F225C7B143004E64B9 /* UILabelExtension.swift */,
				4F892EC025C8304D00BA4F12 /* UIActivityIndicatorViewExtension.swift */,
				4F892EC425C830FD00BA4F12 /* UIImageExtension.swift */,
				4F892EC825C8312200BA4F12 /* CALayerExtension.swift */,
				4F892ECB25C8314800BA4F12 /* UIButtonExtension.swift */,
			);
			path = Extensions;
			sourceTree = "<group>";
		};
		4F778DEE25C7962A0066545B = {
			isa = PBXGroup;
			children = (
				4F778DF925C7962A0066545B /* uvolt */,
				4F778DF825C7962A0066545B /* Products */,
				4F778E1125C796610066545B /* Frameworks */,
				D9249BACE202E4F2E972469A /* Pods */,
			);
			sourceTree = "<group>";
		};
		4F778DF825C7962A0066545B /* Products */ = {
			isa = PBXGroup;
			children = (
				4F778DF725C7962A0066545B /* uvolt.app */,
			);
			name = Products;
			sourceTree = "<group>";
		};
		4F778DF925C7962A0066545B /* uvolt */ = {
			isa = PBXGroup;
			children = (
				4F03A0AE25C7A3B6004E64B9 /* Core */,
				4F03A09925C7A178004E64B9 /* Source */,
				4F03A08F25C79F99004E64B9 /* Modules */,
				4F03A08E25C79F95004E64B9 /* Resources */,
				4F778DFA25C7962A0066545B /* AppDelegate.swift */,
				4F03A0D525C7A8C8004E64B9 /* RootUIControllerType.swift */,
				4F778E0625C7962C0066545B /* Assets.xcassets */,
				4F778E0825C7962C0066545B /* LaunchScreen.storyboard */,
				4F778E0B25C7962C0066545B /* Info.plist */,
				4F778E0325C7962A0066545B /* uvolt.xcdatamodeld */,
			);
			path = uvolt;
			sourceTree = "<group>";
		};
		4F778E1125C796610066545B /* Frameworks */ = {
			isa = PBXGroup;
			children = (
				4F03A09F25C7A1A6004E64B9 /* SwinjectAutoregistration.framework */,
				4F03A09B25C7A1A2004E64B9 /* Swinject.framework */,
				4F778E1225C796610066545B /* SnapKit.framework */,
				EE5A2991B9C9E71EB43AFDD7 /* Pods_uvolt.framework */,
			);
			name = Frameworks;
			sourceTree = "<group>";
		};
		4F892E8225C7E02300BA4F12 /* Entity */ = {
			isa = PBXGroup;
			children = (
				4F892E8425C7E04700BA4F12 /* DeviceModel.swift */,
			);
			path = Entity;
			sourceTree = "<group>";
		};
		4F892EA325C7E77400BA4F12 /* Subviews */ = {
			isa = PBXGroup;
			children = (
				4F892EA425C7E78300BA4F12 /* ConnectTableViewCell.swift */,
			);
			path = Subviews;
			sourceTree = "<group>";
		};
		4F892EA825C7EC0000BA4F12 /* Common */ = {
			isa = PBXGroup;
			children = (
				4F892EA925C7EC0700BA4F12 /* ReusableView.swift */,
				4F892EBD25C8302500BA4F12 /* IndicatorProtocol.swift */,
			);
			path = Common;
			sourceTree = "<group>";
		};
		4F892EAE25C8091500BA4F12 /* Subviews */ = {
			isa = PBXGroup;
			children = (
				4F892EAF25C8096D00BA4F12 /* PeriodSegmentControlView.swift */,
				4F892ECF25C83AC700BA4F12 /* InformationRoundedView.swift */,
				4F892ED425C8E41F00BA4F12 /* ParametersCollectionViewCell.swift */,
			);
			path = Subviews;
			sourceTree = "<group>";
		};
		4F892EB325C814EE00BA4F12 /* Entity */ = {
			isa = PBXGroup;
			children = (
				4F892EB425C814FD00BA4F12 /* SegmentPeriod.swift */,
				4F892ED825C9233C00BA4F12 /* InformationType.swift */,
			);
			path = Entity;
			sourceTree = "<group>";
		};
		4F892EB825C82F8F00BA4F12 /* Buttons */ = {
			isa = PBXGroup;
			children = (
				4F892EB925C82F9900BA4F12 /* Button.swift */,
			);
			path = Buttons;
			sourceTree = "<group>";
		};
		5CBD17521B5AEC3EA81D4422 /* Router */ = {
			isa = PBXGroup;
			children = (
				F25ED39FD9E897BE0987B5D0 /* SettingsRouterInput.swift */,
				3AE326DCC12D892E842DADEC /* SettingsRouter.swift */,
			);
			path = Router;
			sourceTree = "<group>";
		};
		5EEB71A67BDF9667B43FF6D8 /* Preload */ = {
			isa = PBXGroup;
			children = (
				4510F4A8F3467C8F6A7B1766 /* View */,
				119F79A9F1BEF2FABCE76C84 /* ViewModel */,
				CC63FDAE54AE4CFE0FE356CD /* Router */,
				4EF51561409121E31AADC84E /* Assembly */,
			);
			path = Preload;
			sourceTree = "<group>";
		};
		684F1951AF0E34BC4A8E2EB4 /* View */ = {
			isa = PBXGroup;
			children = (
				0A7E446535881E4CB5F7A944 /* SettingsViewProtocols.swift */,
				9867F8F40E220A5A31AFC8CB /* SettingsViewController.swift */,
				EEF6083497D26134346DA800 /* SettingsViewAdapter.swift */,
			);
			path = View;
			sourceTree = "<group>";
		};
		7B9C4DE8B6EB48C3D36486B8 /* Router */ = {
			isa = PBXGroup;
			children = (
				06B044DBD77B71AFA2125EC5 /* SpeedRouterInput.swift */,
				5F2127EBD815E2A98DCE6FA5 /* SpeedRouter.swift */,
			);
			name = Router;
			path = Router;
			sourceTree = "<group>";
		};
		8B2827597B3FE182486882BD /* Assembly */ = {
			isa = PBXGroup;
			children = (
				0935F179B29825F666862AB3 /* SpeedAssembly.swift */,
			);
			name = Assembly;
			path = Assembly;
			sourceTree = "<group>";
		};
		9DB9DB6BDA6AF9040D5C4152 /* Assembly */ = {
			isa = PBXGroup;
			children = (
				F3C88BAD26724A5C95E362C2 /* SettingsAssembly.swift */,
			);
			path = Assembly;
			sourceTree = "<group>";
		};
		A12D43F12C2CE446B1A613D0 /* Assembly */ = {
			isa = PBXGroup;
			children = (
				03B65D6899334F2BED97483B /* ConnectAssembly.swift */,
			);
			path = Assembly;
			sourceTree = "<group>";
		};
		B9C152C99226DEFD7B53111E /* Assembly */ = {
			isa = PBXGroup;
			children = (
				B7D621962F13555E9369CAE2 /* MainAssembly.swift */,
			);
			path = Assembly;
			sourceTree = "<group>";
		};
		CB35FCBA4F9903270272F356 /* Router */ = {
			isa = PBXGroup;
			children = (
				893BDCA647ABFC7BC01AE4A5 /* MainRouterInput.swift */,
				29158C21D8F9A5DB97E4AFF8 /* MainRouter.swift */,
			);
			path = Router;
			sourceTree = "<group>";
		};
		CC63FDAE54AE4CFE0FE356CD /* Router */ = {
			isa = PBXGroup;
			children = (
				D66E53869EFA32ACCFED001F /* PreloadRouterInput.swift */,
				ACD694CFDD5428D9E35475D9 /* PreloadRouter.swift */,
			);
			path = Router;
			sourceTree = "<group>";
		};
		CEA67555E96A10429E75463E /* ViewModel */ = {
			isa = PBXGroup;
			children = (
				6CBC67A1D7D8A4001274C90C /* ConnectModuleInput.swift */,
				55C426767D675EA6EA3163C6 /* ConnectModuleOutput.swift */,
				0DC847BE07A86036BFB9D546 /* ConnectViewModel.swift */,
			);
			path = ViewModel;
			sourceTree = "<group>";
		};
		CEC406BE9B2DA14C4DCB381C /* ViewModel */ = {
			isa = PBXGroup;
			children = (
				53BB174DDB7071BA09660AFB /* MainModuleInput.swift */,
				0006DA7925CED666FB3AFC89 /* MainModuleOutput.swift */,
				50014610B62F1BFF09034904 /* MainViewModel.swift */,
			);
			path = ViewModel;
			sourceTree = "<group>";
		};
		D9249BACE202E4F2E972469A /* Pods */ = {
			isa = PBXGroup;
			children = (
				B3C83CE6136FD4E63DB96EB6 /* Pods-uvolt.debug.xcconfig */,
				57E74CDCD59CC81A42C0907C /* Pods-uvolt.release.xcconfig */,
			);
			path = Pods;
			sourceTree = "<group>";
		};
		F0942CA66F036B65C46E149F /* Connect */ = {
			isa = PBXGroup;
			children = (
				4F892E8225C7E02300BA4F12 /* Entity */,
				29BB4319DB9AA7796E488D06 /* View */,
				CEA67555E96A10429E75463E /* ViewModel */,
				1CEB00E54FFBCA5806B798D5 /* Router */,
				A12D43F12C2CE446B1A613D0 /* Assembly */,
			);
			path = Connect;
			sourceTree = "<group>";
		};
		FA9203F9E22E583944FF682D /* Speed */ = {
			isa = PBXGroup;
			children = (
				209596ECF8E699ED23394F06 /* View */,
				2E2B9ACFE3F7E365D00C8365 /* ViewModel */,
				7B9C4DE8B6EB48C3D36486B8 /* Router */,
				8B2827597B3FE182486882BD /* Assembly */,
			);
			name = Speed;
			path = Speed;
			sourceTree = "<group>";
		};
/* End PBXGroup section */

/* Begin PBXNativeTarget section */
		4F778DF625C7962A0066545B /* uvolt */ = {
			isa = PBXNativeTarget;
			buildConfigurationList = 4F778E0E25C7962C0066545B /* Build configuration list for PBXNativeTarget "uvolt" */;
			buildPhases = (
				10BB3AE4A60A4CC9094EDC3A /* [CP] Check Pods Manifest.lock */,
				4F778DF325C7962A0066545B /* Sources */,
				4F778DF425C7962A0066545B /* Frameworks */,
				4F778DF525C7962A0066545B /* Resources */,
				FCBDBE591D0868D1B790B281 /* [CP] Embed Pods Frameworks */,
			);
			buildRules = (
			);
			dependencies = (
			);
			name = uvolt;
			productName = uvolt;
			productReference = 4F778DF725C7962A0066545B /* uvolt.app */;
			productType = "com.apple.product-type.application";
		};
/* End PBXNativeTarget section */

/* Begin PBXProject section */
		4F778DEF25C7962A0066545B /* Project object */ = {
			isa = PBXProject;
			attributes = {
				LastSwiftUpdateCheck = 1170;
				LastUpgradeCheck = 1170;
				ORGANIZATIONNAME = "Turan Assylkhan";
				TargetAttributes = {
					4F778DF625C7962A0066545B = {
						CreatedOnToolsVersion = 11.7;
					};
				};
			};
			buildConfigurationList = 4F778DF225C7962A0066545B /* Build configuration list for PBXProject "uvolt" */;
			compatibilityVersion = "Xcode 9.3";
			developmentRegion = en;
			hasScannedForEncodings = 0;
			knownRegions = (
				en,
				Base,
			);
			mainGroup = 4F778DEE25C7962A0066545B;
			productRefGroup = 4F778DF825C7962A0066545B /* Products */;
			projectDirPath = "";
			projectRoot = "";
			targets = (
				4F778DF625C7962A0066545B /* uvolt */,
			);
		};
/* End PBXProject section */

/* Begin PBXResourcesBuildPhase section */
		4F778DF525C7962A0066545B /* Resources */ = {
			isa = PBXResourcesBuildPhase;
			buildActionMask = 2147483647;
			files = (
				4F778E0A25C7962C0066545B /* LaunchScreen.storyboard in Resources */,
				4F778E0725C7962C0066545B /* Assets.xcassets in Resources */,
				4F03A0BD25C7A4E1004E64B9 /* str-localization-en in Resources */,
				4F03A0C125C7A4E6004E64B9 /* str-localization-ru in Resources */,
			);
			runOnlyForDeploymentPostprocessing = 0;
		};
/* End PBXResourcesBuildPhase section */

/* Begin PBXShellScriptBuildPhase section */
		10BB3AE4A60A4CC9094EDC3A /* [CP] Check Pods Manifest.lock */ = {
			isa = PBXShellScriptBuildPhase;
			buildActionMask = 2147483647;
			files = (
			);
			inputFileListPaths = (
			);
			inputPaths = (
				"${PODS_PODFILE_DIR_PATH}/Podfile.lock",
				"${PODS_ROOT}/Manifest.lock",
			);
			name = "[CP] Check Pods Manifest.lock";
			outputFileListPaths = (
			);
			outputPaths = (
				"$(DERIVED_FILE_DIR)/Pods-uvolt-checkManifestLockResult.txt",
			);
			runOnlyForDeploymentPostprocessing = 0;
			shellPath = /bin/sh;
			shellScript = "diff \"${PODS_PODFILE_DIR_PATH}/Podfile.lock\" \"${PODS_ROOT}/Manifest.lock\" > /dev/null\nif [ $? != 0 ] ; then\n    # print error to STDERR\n    echo \"error: The sandbox is not in sync with the Podfile.lock. Run 'pod install' or update your CocoaPods installation.\" >&2\n    exit 1\nfi\n# This output is used by Xcode 'outputs' to avoid re-running this script phase.\necho \"SUCCESS\" > \"${SCRIPT_OUTPUT_FILE_0}\"\n";
			showEnvVarsInLog = 0;
		};
		FCBDBE591D0868D1B790B281 /* [CP] Embed Pods Frameworks */ = {
			isa = PBXShellScriptBuildPhase;
			buildActionMask = 2147483647;
			files = (
			);
			inputFileListPaths = (
				"${PODS_ROOT}/Target Support Files/Pods-uvolt/Pods-uvolt-frameworks-${CONFIGURATION}-input-files.xcfilelist",
			);
			name = "[CP] Embed Pods Frameworks";
			outputFileListPaths = (
				"${PODS_ROOT}/Target Support Files/Pods-uvolt/Pods-uvolt-frameworks-${CONFIGURATION}-output-files.xcfilelist",
			);
			runOnlyForDeploymentPostprocessing = 0;
			shellPath = /bin/sh;
			shellScript = "\"${PODS_ROOT}/Target Support Files/Pods-uvolt/Pods-uvolt-frameworks.sh\"\n";
			showEnvVarsInLog = 0;
		};
/* End PBXShellScriptBuildPhase section */

/* Begin PBXSourcesBuildPhase section */
		4F778DF325C7962A0066545B /* Sources */ = {
			isa = PBXSourcesBuildPhase;
			buildActionMask = 2147483647;
			files = (
				4F892EC925C8312200BA4F12 /* CALayerExtension.swift in Sources */,
				4F03A0D625C7A8C8004E64B9 /* RootUIControllerType.swift in Sources */,
				4F03A0CD25C7A7D8004E64B9 /* BaseViewController.swift in Sources */,
				4F03A0EF25C7AFF7004E64B9 /* Color.swift in Sources */,
				4F03A0DF25C7AA6A004E64B9 /* AppCoordinator.swift in Sources */,
				4F03A0E325C7AEA2004E64B9 /* LabelFactory.swift in Sources */,
				4F03A0DB25C7AA35004E64B9 /* AppCoordinating.swift in Sources */,
				4F03A0AB25C7A393004E64B9 /* SupportedLanguage.swift in Sources */,
				4F03A0EB25C7AF64004E64B9 /* UIFontExtension.swift in Sources */,
				4F778E0525C7962A0066545B /* uvolt.xcdatamodeld in Sources */,
				4F03A0C525C7A51F004E64B9 /* Notifications.swift in Sources */,
				4F03A0C825C7A5DC004E64B9 /* Localizer.swift in Sources */,
				4F03A0B725C7A466004E64B9 /* LocalLocalizer.swift in Sources */,
				4F892ECC25C8314800BA4F12 /* UIButtonExtension.swift in Sources */,
				4F03A0B425C7A44A004E64B9 /* String+Localization.swift in Sources */,
				4F03A0A725C7A1DE004E64B9 /* Inject.swift in Sources */,
				4F892EB025C8096D00BA4F12 /* PeriodSegmentControlView.swift in Sources */,
				4F892E8525C7E04700BA4F12 /* DeviceModel.swift in Sources */,
				4F778DFB25C7962A0066545B /* AppDelegate.swift in Sources */,
				4F03A0A425C7A1C1004E64B9 /* BaseModuleAssembly.swift in Sources */,
				4F892EBA25C82F9900BA4F12 /* Button.swift in Sources */,
				4F03A0B025C7A3C4004E64B9 /* GlobalConstants.swift in Sources */,
				4F03A0E725C7AEF3004E64B9 /* TextStyle.swift in Sources */,
				4F03A0F325C7B143004E64B9 /* UILabelExtension.swift in Sources */,
				4F03A0D225C7A88E004E64B9 /* ContainerExtension.swift in Sources */,
				4F892EC525C830FD00BA4F12 /* UIImageExtension.swift in Sources */,
				0011EF50AC0FB258CB3105A9 /* PreloadViewProtocols.swift in Sources */,
				EBC715CA30A17EC7F8D2E1E2 /* PreloadViewController.swift in Sources */,
				4F892ED525C8E41F00BA4F12 /* ParametersCollectionViewCell.swift in Sources */,
				9CBA181FB904CC48F2CCEC9B /* PreloadViewAdapter.swift in Sources */,
				1E83FBAC434891C0739BC0FD /* PreloadModuleInput.swift in Sources */,
				F5CC74DD38DD0C518CE0F518 /* PreloadModuleOutput.swift in Sources */,
				4F892EA525C7E78300BA4F12 /* ConnectTableViewCell.swift in Sources */,
				4F892EB525C814FD00BA4F12 /* SegmentPeriod.swift in Sources */,
				984F9740FBF380119312C451 /* PreloadViewModel.swift in Sources */,
				D01A31F1C4ACA49E5A61C550 /* PreloadRouterInput.swift in Sources */,
				B678598C6048D9BC9B3290EB /* PreloadRouter.swift in Sources */,
				BBBF8DAA35E4BD84D82A9642 /* PreloadAssembly.swift in Sources */,
				0C6BD52DFD68761D476A0591 /* ConnectViewProtocols.swift in Sources */,
				E740AB17EC41F88A13073A58 /* ConnectViewController.swift in Sources */,
				4F892EC125C8304D00BA4F12 /* UIActivityIndicatorViewExtension.swift in Sources */,
				C264B4E0D9CEDED8082BE17E /* ConnectViewAdapter.swift in Sources */,
				4F892EAA25C7EC0700BA4F12 /* ReusableView.swift in Sources */,
				4F892ED025C83AC700BA4F12 /* InformationRoundedView.swift in Sources */,
				0265422410CB110CA74D4D08 /* ConnectModuleInput.swift in Sources */,
				30A93AF0349FB1DF59122BB1 /* ConnectModuleOutput.swift in Sources */,
				35053AF4FF0290F3787CCCC5 /* ConnectViewModel.swift in Sources */,
				F4F2DAF2B157F9BE1A90EF90 /* ConnectRouterInput.swift in Sources */,
				A856DD8DCE2CE80035F23371 /* ConnectRouter.swift in Sources */,
				C21C75115D6EDFBE7F7DC86B /* ConnectAssembly.swift in Sources */,
				A3925153CB96C41A9A4FB564 /* MainViewProtocols.swift in Sources */,
				0B0D8211FD4DFDA94AC38ED1 /* MainViewController.swift in Sources */,
				9A6EB7A6EEFCA4D97A6AB7C2 /* MainViewAdapter.swift in Sources */,
				8A18002DEADF174E71129E1D /* MainModuleInput.swift in Sources */,
				A0432921A4F0AB5E0EC0FF29 /* MainModuleOutput.swift in Sources */,
				5D5D80FE469A0DB9D49F2D30 /* MainViewModel.swift in Sources */,
				E2B14636E71CCBC4ED640484 /* MainRouterInput.swift in Sources */,
				CDDD6D80F0A6E3429A039518 /* MainRouter.swift in Sources */,
				3F8E6B162505188EDD57296A /* MainAssembly.swift in Sources */,
				4F892EBE25C8302500BA4F12 /* IndicatorProtocol.swift in Sources */,
				36FB4C0397237914C264C05A /* SettingsViewProtocols.swift in Sources */,
				51132395B1BA70A9C8F6D4F6 /* SettingsViewController.swift in Sources */,
				F0754C967547A2643310C971 /* SettingsViewAdapter.swift in Sources */,
				10398E7FE27863FD3A83D1C7 /* SettingsModuleInput.swift in Sources */,
				4F892ED925C9233C00BA4F12 /* InformationType.swift in Sources */,
				7D5277FF3719F3C671304AB6 /* SettingsModuleOutput.swift in Sources */,
				3CEB41FDFDDE686BB49A811C /* SettingsViewModel.swift in Sources */,
				71E6F2E6C3520C4D6609C065 /* SettingsRouterInput.swift in Sources */,
				DB4EC52903DE200978B8227D /* SettingsRouter.swift in Sources */,
				B3B8D3D489B2CAD4666BFFB3 /* SettingsAssembly.swift in Sources */,
				CDB1F64BF610E47C8789651D /* SpeedViewProtocols.swift in Sources */,
				BA852C8EA5940E25F011BE59 /* SpeedViewController.swift in Sources */,
				4C4674CC369FC332882B8321 /* SpeedViewAdapter.swift in Sources */,
				0332E62981F32148F77948B2 /* SpeedModuleInput.swift in Sources */,
				8507175015DD9AE7F7AE74CF /* SpeedModuleOutput.swift in Sources */,
				9E82010F55A25266096BAC7B /* SpeedViewModel.swift in Sources */,
				3A5AFF638BE9C5667D87E465 /* SpeedRouterInput.swift in Sources */,
				CB8B0A42F58616096076608E /* SpeedRouter.swift in Sources */,
				DE2D40C4FBF004D675EADFB3 /* SpeedAssembly.swift in Sources */,
			);
			runOnlyForDeploymentPostprocessing = 0;
		};
/* End PBXSourcesBuildPhase section */

/* Begin PBXVariantGroup section */
		4F778E0825C7962C0066545B /* LaunchScreen.storyboard */ = {
			isa = PBXVariantGroup;
			children = (
				4F778E0925C7962C0066545B /* Base */,
			);
			name = LaunchScreen.storyboard;
			sourceTree = "<group>";
		};
/* End PBXVariantGroup section */

/* Begin XCBuildConfiguration section */
		4F778E0C25C7962C0066545B /* Debug */ = {
			isa = XCBuildConfiguration;
			buildSettings = {
				ALWAYS_SEARCH_USER_PATHS = NO;
				CLANG_ANALYZER_NONNULL = YES;
				CLANG_ANALYZER_NUMBER_OBJECT_CONVERSION = YES_AGGRESSIVE;
				CLANG_CXX_LANGUAGE_STANDARD = "gnu++14";
				CLANG_CXX_LIBRARY = "libc++";
				CLANG_ENABLE_MODULES = YES;
				CLANG_ENABLE_OBJC_ARC = YES;
				CLANG_ENABLE_OBJC_WEAK = YES;
				CLANG_WARN_BLOCK_CAPTURE_AUTORELEASING = YES;
				CLANG_WARN_BOOL_CONVERSION = YES;
				CLANG_WARN_COMMA = YES;
				CLANG_WARN_CONSTANT_CONVERSION = YES;
				CLANG_WARN_DEPRECATED_OBJC_IMPLEMENTATIONS = YES;
				CLANG_WARN_DIRECT_OBJC_ISA_USAGE = YES_ERROR;
				CLANG_WARN_DOCUMENTATION_COMMENTS = YES;
				CLANG_WARN_EMPTY_BODY = YES;
				CLANG_WARN_ENUM_CONVERSION = YES;
				CLANG_WARN_INFINITE_RECURSION = YES;
				CLANG_WARN_INT_CONVERSION = YES;
				CLANG_WARN_NON_LITERAL_NULL_CONVERSION = YES;
				CLANG_WARN_OBJC_IMPLICIT_RETAIN_SELF = YES;
				CLANG_WARN_OBJC_LITERAL_CONVERSION = YES;
				CLANG_WARN_OBJC_ROOT_CLASS = YES_ERROR;
				CLANG_WARN_RANGE_LOOP_ANALYSIS = YES;
				CLANG_WARN_STRICT_PROTOTYPES = YES;
				CLANG_WARN_SUSPICIOUS_MOVE = YES;
				CLANG_WARN_UNGUARDED_AVAILABILITY = YES_AGGRESSIVE;
				CLANG_WARN_UNREACHABLE_CODE = YES;
				CLANG_WARN__DUPLICATE_METHOD_MATCH = YES;
				COPY_PHASE_STRIP = NO;
				DEBUG_INFORMATION_FORMAT = dwarf;
				ENABLE_STRICT_OBJC_MSGSEND = YES;
				ENABLE_TESTABILITY = YES;
				GCC_C_LANGUAGE_STANDARD = gnu11;
				GCC_DYNAMIC_NO_PIC = NO;
				GCC_NO_COMMON_BLOCKS = YES;
				GCC_OPTIMIZATION_LEVEL = 0;
				GCC_PREPROCESSOR_DEFINITIONS = (
					"DEBUG=1",
					"$(inherited)",
				);
				GCC_WARN_64_TO_32_BIT_CONVERSION = YES;
				GCC_WARN_ABOUT_RETURN_TYPE = YES_ERROR;
				GCC_WARN_UNDECLARED_SELECTOR = YES;
				GCC_WARN_UNINITIALIZED_AUTOS = YES_AGGRESSIVE;
				GCC_WARN_UNUSED_FUNCTION = YES;
				GCC_WARN_UNUSED_VARIABLE = YES;
				IPHONEOS_DEPLOYMENT_TARGET = 13.7;
				MTL_ENABLE_DEBUG_INFO = INCLUDE_SOURCE;
				MTL_FAST_MATH = YES;
				ONLY_ACTIVE_ARCH = YES;
				SDKROOT = iphoneos;
				SWIFT_ACTIVE_COMPILATION_CONDITIONS = DEBUG;
				SWIFT_OPTIMIZATION_LEVEL = "-Onone";
			};
			name = Debug;
		};
		4F778E0D25C7962C0066545B /* Release */ = {
			isa = XCBuildConfiguration;
			buildSettings = {
				ALWAYS_SEARCH_USER_PATHS = NO;
				CLANG_ANALYZER_NONNULL = YES;
				CLANG_ANALYZER_NUMBER_OBJECT_CONVERSION = YES_AGGRESSIVE;
				CLANG_CXX_LANGUAGE_STANDARD = "gnu++14";
				CLANG_CXX_LIBRARY = "libc++";
				CLANG_ENABLE_MODULES = YES;
				CLANG_ENABLE_OBJC_ARC = YES;
				CLANG_ENABLE_OBJC_WEAK = YES;
				CLANG_WARN_BLOCK_CAPTURE_AUTORELEASING = YES;
				CLANG_WARN_BOOL_CONVERSION = YES;
				CLANG_WARN_COMMA = YES;
				CLANG_WARN_CONSTANT_CONVERSION = YES;
				CLANG_WARN_DEPRECATED_OBJC_IMPLEMENTATIONS = YES;
				CLANG_WARN_DIRECT_OBJC_ISA_USAGE = YES_ERROR;
				CLANG_WARN_DOCUMENTATION_COMMENTS = YES;
				CLANG_WARN_EMPTY_BODY = YES;
				CLANG_WARN_ENUM_CONVERSION = YES;
				CLANG_WARN_INFINITE_RECURSION = YES;
				CLANG_WARN_INT_CONVERSION = YES;
				CLANG_WARN_NON_LITERAL_NULL_CONVERSION = YES;
				CLANG_WARN_OBJC_IMPLICIT_RETAIN_SELF = YES;
				CLANG_WARN_OBJC_LITERAL_CONVERSION = YES;
				CLANG_WARN_OBJC_ROOT_CLASS = YES_ERROR;
				CLANG_WARN_RANGE_LOOP_ANALYSIS = YES;
				CLANG_WARN_STRICT_PROTOTYPES = YES;
				CLANG_WARN_SUSPICIOUS_MOVE = YES;
				CLANG_WARN_UNGUARDED_AVAILABILITY = YES_AGGRESSIVE;
				CLANG_WARN_UNREACHABLE_CODE = YES;
				CLANG_WARN__DUPLICATE_METHOD_MATCH = YES;
				COPY_PHASE_STRIP = NO;
				DEBUG_INFORMATION_FORMAT = "dwarf-with-dsym";
				ENABLE_NS_ASSERTIONS = NO;
				ENABLE_STRICT_OBJC_MSGSEND = YES;
				GCC_C_LANGUAGE_STANDARD = gnu11;
				GCC_NO_COMMON_BLOCKS = YES;
				GCC_WARN_64_TO_32_BIT_CONVERSION = YES;
				GCC_WARN_ABOUT_RETURN_TYPE = YES_ERROR;
				GCC_WARN_UNDECLARED_SELECTOR = YES;
				GCC_WARN_UNINITIALIZED_AUTOS = YES_AGGRESSIVE;
				GCC_WARN_UNUSED_FUNCTION = YES;
				GCC_WARN_UNUSED_VARIABLE = YES;
				IPHONEOS_DEPLOYMENT_TARGET = 13.7;
				MTL_ENABLE_DEBUG_INFO = NO;
				MTL_FAST_MATH = YES;
				SDKROOT = iphoneos;
				SWIFT_COMPILATION_MODE = wholemodule;
				SWIFT_OPTIMIZATION_LEVEL = "-O";
				VALIDATE_PRODUCT = YES;
			};
			name = Release;
		};
		4F778E0F25C7962C0066545B /* Debug */ = {
			isa = XCBuildConfiguration;
			baseConfigurationReference = B3C83CE6136FD4E63DB96EB6 /* Pods-uvolt.debug.xcconfig */;
			buildSettings = {
				ASSETCATALOG_COMPILER_APPICON_NAME = AppIcon;
				CODE_SIGN_STYLE = Automatic;
				DEVELOPMENT_TEAM = A439DVJ2X6;
				FRAMEWORK_SEARCH_PATHS = (
					"$(inherited)",
					"$(PROJECT_DIR)/Carthage/Build/iOS",
				);
				INFOPLIST_FILE = uvolt/Info.plist;
				IPHONEOS_DEPLOYMENT_TARGET = 12.0;
				LD_RUNPATH_SEARCH_PATHS = (
					"$(inherited)",
					"@executable_path/Frameworks",
				);
				PRODUCT_BUNDLE_IDENTIFIER = aturan23.uvolt;
				PRODUCT_NAME = "$(TARGET_NAME)";
				SWIFT_VERSION = 5.0;
				TARGETED_DEVICE_FAMILY = 1;
			};
			name = Debug;
		};
		4F778E1025C7962C0066545B /* Release */ = {
			isa = XCBuildConfiguration;
			baseConfigurationReference = 57E74CDCD59CC81A42C0907C /* Pods-uvolt.release.xcconfig */;
			buildSettings = {
				ASSETCATALOG_COMPILER_APPICON_NAME = AppIcon;
				CODE_SIGN_STYLE = Automatic;
				DEVELOPMENT_TEAM = A439DVJ2X6;
				FRAMEWORK_SEARCH_PATHS = (
					"$(inherited)",
					"$(PROJECT_DIR)/Carthage/Build/iOS",
				);
				INFOPLIST_FILE = uvolt/Info.plist;
				IPHONEOS_DEPLOYMENT_TARGET = 12.0;
				LD_RUNPATH_SEARCH_PATHS = (
					"$(inherited)",
					"@executable_path/Frameworks",
				);
				PRODUCT_BUNDLE_IDENTIFIER = aturan23.uvolt;
				PRODUCT_NAME = "$(TARGET_NAME)";
				SWIFT_VERSION = 5.0;
				TARGETED_DEVICE_FAMILY = 1;
			};
			name = Release;
		};
/* End XCBuildConfiguration section */

/* Begin XCConfigurationList section */
		4F778DF225C7962A0066545B /* Build configuration list for PBXProject "uvolt" */ = {
			isa = XCConfigurationList;
			buildConfigurations = (
				4F778E0C25C7962C0066545B /* Debug */,
				4F778E0D25C7962C0066545B /* Release */,
			);
			defaultConfigurationIsVisible = 0;
			defaultConfigurationName = Release;
		};
		4F778E0E25C7962C0066545B /* Build configuration list for PBXNativeTarget "uvolt" */ = {
			isa = XCConfigurationList;
			buildConfigurations = (
				4F778E0F25C7962C0066545B /* Debug */,
				4F778E1025C7962C0066545B /* Release */,
			);
			defaultConfigurationIsVisible = 0;
			defaultConfigurationName = Release;
		};
/* End XCConfigurationList section */

/* Begin XCVersionGroup section */
		4F778E0325C7962A0066545B /* uvolt.xcdatamodeld */ = {
			isa = XCVersionGroup;
			children = (
				4F778E0425C7962A0066545B /* uvolt.xcdatamodel */,
			);
			currentVersion = 4F778E0425C7962A0066545B /* uvolt.xcdatamodel */;
			path = uvolt.xcdatamodeld;
			sourceTree = "<group>";
			versionGroupType = wrapper.xcdatamodel;
		};
/* End XCVersionGroup section */
	};
	rootObject = 4F778DEF25C7962A0066545B /* Project object */;
}
